// !$*UTF8*$!
{
	archiveVersion = 1;
	classes = {
	};
	objectVersion = 46;
	objects = {

/* Begin PBXBuildFile section */
		54083A89196CDC0F00F1A51C /* GameScene.m in Sources */ = {isa = PBXBuildFile; fileRef = 54083A88196CDC0F00F1A51C /* GameScene.m */; };
		549BB1CE19887F4E0078211E /* Security.framework in Frameworks */ = {isa = PBXBuildFile; fileRef = 549BB1CD19887F4E0078211E /* Security.framework */; };
		54F5141419887D7A0068372E /* libz.dylib in Frameworks */ = {isa = PBXBuildFile; fileRef = 54F5141319887D7A0068372E /* libz.dylib */; };
		54F5145E19887D970068372E /* mgwuSDK.framework in Frameworks */ = {isa = PBXBuildFile; fileRef = 54F5141619887D970068372E /* mgwuSDK.framework */; };
		54F5145F19887D980068372E /* aqua.png in Resources */ = {isa = PBXBuildFile; fileRef = 54F5141819887D970068372E /* aqua.png */; };
		54F5146019887D980068372E /* bluechatbubble.png in Resources */ = {isa = PBXBuildFile; fileRef = 54F5141919887D970068372E /* bluechatbubble.png */; };
		54F5146119887D980068372E /* CrossPromoViewController.nib in Resources */ = {isa = PBXBuildFile; fileRef = 54F5141A19887D970068372E /* CrossPromoViewController.nib */; };
		54F5146219887D980068372E /* FacebookIcon.png in Resources */ = {isa = PBXBuildFile; fileRef = 54F5141B19887D970068372E /* FacebookIcon.png */; };
		54F5146319887D980068372E /* FacebookSDKResources.bundle in Resources */ = {isa = PBXBuildFile; fileRef = 54F5141C19887D970068372E /* FacebookSDKResources.bundle */; };
		54F5146419887D980068372E /* fb_connect.png in Resources */ = {isa = PBXBuildFile; fileRef = 54F5141D19887D970068372E /* fb_connect.png */; };
		54F5146519887D980068372E /* FBLoginButton.png in Resources */ = {isa = PBXBuildFile; fileRef = 54F5141E19887D970068372E /* FBLoginButton.png */; };
		54F5146619887D980068372E /* FBLoginButton@2x.png in Resources */ = {isa = PBXBuildFile; fileRef = 54F5141F19887D970068372E /* FBLoginButton@2x.png */; };
		54F5146719887D980068372E /* FBLoginButtonPressed.png in Resources */ = {isa = PBXBuildFile; fileRef = 54F5142019887D970068372E /* FBLoginButtonPressed.png */; };
		54F5146819887D980068372E /* FBLoginButtonPressed@2x.png in Resources */ = {isa = PBXBuildFile; fileRef = 54F5142119887D970068372E /* FBLoginButtonPressed@2x.png */; };
		54F5146919887D980068372E /* FBNoThanksButton.png in Resources */ = {isa = PBXBuildFile; fileRef = 54F5142219887D970068372E /* FBNoThanksButton.png */; };
		54F5146A19887D980068372E /* FBNoThanksButton@2x.png in Resources */ = {isa = PBXBuildFile; fileRef = 54F5142319887D970068372E /* FBNoThanksButton@2x.png */; };
		54F5146B19887D980068372E /* FBNoThanksButtonPressed.png in Resources */ = {isa = PBXBuildFile; fileRef = 54F5142419887D970068372E /* FBNoThanksButtonPressed.png */; };
		54F5146C19887D980068372E /* FBNoThanksButtonPressed@2x.png in Resources */ = {isa = PBXBuildFile; fileRef = 54F5142519887D970068372E /* FBNoThanksButtonPressed@2x.png */; };
		54F5146D19887D980068372E /* green.png in Resources */ = {isa = PBXBuildFile; fileRef = 54F5142619887D970068372E /* green.png */; };
		54F5146E19887D980068372E /* grey-background.png in Resources */ = {isa = PBXBuildFile; fileRef = 54F5142719887D970068372E /* grey-background.png */; };
		54F5146F19887D980068372E /* hipmob.back.btn.png in Resources */ = {isa = PBXBuildFile; fileRef = 54F5142819887D970068372E /* hipmob.back.btn.png */; };
		54F5147019887D980068372E /* hipmob.send.png in Resources */ = {isa = PBXBuildFile; fileRef = 54F5142919887D970068372E /* hipmob.send.png */; };
		54F5147119887D980068372E /* hipmobsend_field.png in Resources */ = {isa = PBXBuildFile; fileRef = 54F5142A19887D970068372E /* hipmobsend_field.png */; };
		54F5147219887D980068372E /* hipmobsend_field@2x.png in Resources */ = {isa = PBXBuildFile; fileRef = 54F5142B19887D970068372E /* hipmobsend_field@2x.png */; };
		54F5147319887D980068372E /* mgwu-gk-notification.png in Resources */ = {isa = PBXBuildFile; fileRef = 54F5142C19887D970068372E /* mgwu-gk-notification.png */; };
		54F5147419887D980068372E /* mgwu-gk-notification@2x.png in Resources */ = {isa = PBXBuildFile; fileRef = 54F5142D19887D970068372E /* mgwu-gk-notification@2x.png */; };
		54F5147519887D980068372E /* mgwu-m.png in Resources */ = {isa = PBXBuildFile; fileRef = 54F5142E19887D970068372E /* mgwu-m.png */; };
		54F5147619887D980068372E /* mgwu-m@2x.png in Resources */ = {isa = PBXBuildFile; fileRef = 54F5142F19887D970068372E /* mgwu-m@2x.png */; };
		54F5147719887D980068372E /* MGWUAboutFooter-Landscape-568h@2x~iphone.png in Resources */ = {isa = PBXBuildFile; fileRef = 54F5143019887D970068372E /* MGWUAboutFooter-Landscape-568h@2x~iphone.png */; };
		54F5147819887D980068372E /* MGWUAboutFooter-Landscape@2x~ipad.png in Resources */ = {isa = PBXBuildFile; fileRef = 54F5143119887D970068372E /* MGWUAboutFooter-Landscape@2x~ipad.png */; };
		54F5147919887D980068372E /* MGWUAboutFooter-Landscape@2x~iphone.png in Resources */ = {isa = PBXBuildFile; fileRef = 54F5143219887D970068372E /* MGWUAboutFooter-Landscape@2x~iphone.png */; };
		54F5147A19887D980068372E /* MGWUAboutFooter-Landscape~ipad.png in Resources */ = {isa = PBXBuildFile; fileRef = 54F5143319887D970068372E /* MGWUAboutFooter-Landscape~ipad.png */; };
		54F5147B19887D980068372E /* MGWUAboutFooter-Landscape~iphone.png in Resources */ = {isa = PBXBuildFile; fileRef = 54F5143419887D970068372E /* MGWUAboutFooter-Landscape~iphone.png */; };
		54F5147C19887D980068372E /* MGWUAboutFooter-Portrait@2x~ipad.png in Resources */ = {isa = PBXBuildFile; fileRef = 54F5143519887D970068372E /* MGWUAboutFooter-Portrait@2x~ipad.png */; };
		54F5147D19887D980068372E /* MGWUAboutFooter-Portrait@2x~iphone.png in Resources */ = {isa = PBXBuildFile; fileRef = 54F5143619887D970068372E /* MGWUAboutFooter-Portrait@2x~iphone.png */; };
		54F5147E19887D980068372E /* MGWUAboutFooter-Portrait~ipad.png in Resources */ = {isa = PBXBuildFile; fileRef = 54F5143719887D970068372E /* MGWUAboutFooter-Portrait~ipad.png */; };
		54F5147F19887D980068372E /* MGWUAboutFooter-Portrait~iphone.png in Resources */ = {isa = PBXBuildFile; fileRef = 54F5143819887D970068372E /* MGWUAboutFooter-Portrait~iphone.png */; };
		54F5148019887D980068372E /* MGWUBackground-Landscape@2x~ipad.png in Resources */ = {isa = PBXBuildFile; fileRef = 54F5143919887D970068372E /* MGWUBackground-Landscape@2x~ipad.png */; };
		54F5148119887D980068372E /* MGWUBackground-Landscape@2x~iphone.png in Resources */ = {isa = PBXBuildFile; fileRef = 54F5143A19887D970068372E /* MGWUBackground-Landscape@2x~iphone.png */; };
		54F5148219887D980068372E /* MGWUBackground-Landscape~ipad.png in Resources */ = {isa = PBXBuildFile; fileRef = 54F5143B19887D970068372E /* MGWUBackground-Landscape~ipad.png */; };
		54F5148319887D980068372E /* MGWUBackground-Landscape~iphone.png in Resources */ = {isa = PBXBuildFile; fileRef = 54F5143C19887D970068372E /* MGWUBackground-Landscape~iphone.png */; };
		54F5148419887D980068372E /* MGWUBackground-Portrait@2x~ipad.png in Resources */ = {isa = PBXBuildFile; fileRef = 54F5143D19887D970068372E /* MGWUBackground-Portrait@2x~ipad.png */; };
		54F5148519887D980068372E /* MGWUBackground-Portrait@2x~iphone.png in Resources */ = {isa = PBXBuildFile; fileRef = 54F5143E19887D970068372E /* MGWUBackground-Portrait@2x~iphone.png */; };
		54F5148619887D980068372E /* MGWUBackground-Portrait~ipad.png in Resources */ = {isa = PBXBuildFile; fileRef = 54F5143F19887D970068372E /* MGWUBackground-Portrait~ipad.png */; };
		54F5148719887D980068372E /* MGWUBackground-Portrait~iphone.png in Resources */ = {isa = PBXBuildFile; fileRef = 54F5144019887D970068372E /* MGWUBackground-Portrait~iphone.png */; };
		54F5148819887D980068372E /* MGWUBackgroundDark-Landscape@2x~ipad.png in Resources */ = {isa = PBXBuildFile; fileRef = 54F5144119887D970068372E /* MGWUBackgroundDark-Landscape@2x~ipad.png */; };
		54F5148919887D980068372E /* MGWUBackgroundDark-Landscape@2x~iphone.png in Resources */ = {isa = PBXBuildFile; fileRef = 54F5144219887D970068372E /* MGWUBackgroundDark-Landscape@2x~iphone.png */; };
		54F5148A19887D980068372E /* MGWUBackgroundDark-Landscape~ipad.png in Resources */ = {isa = PBXBuildFile; fileRef = 54F5144319887D970068372E /* MGWUBackgroundDark-Landscape~ipad.png */; };
		54F5148B19887D980068372E /* MGWUBackgroundDark-Landscape~iphone.png in Resources */ = {isa = PBXBuildFile; fileRef = 54F5144419887D970068372E /* MGWUBackgroundDark-Landscape~iphone.png */; };
		54F5148C19887D980068372E /* MGWUBackgroundDark-Portrait@2x~ipad.png in Resources */ = {isa = PBXBuildFile; fileRef = 54F5144519887D970068372E /* MGWUBackgroundDark-Portrait@2x~ipad.png */; };
		54F5148D19887D980068372E /* MGWUBackgroundDark-Portrait@2x~iphone.png in Resources */ = {isa = PBXBuildFile; fileRef = 54F5144619887D970068372E /* MGWUBackgroundDark-Portrait@2x~iphone.png */; };
		54F5148E19887D980068372E /* MGWUBackgroundDark-Portrait~ipad.png in Resources */ = {isa = PBXBuildFile; fileRef = 54F5144719887D970068372E /* MGWUBackgroundDark-Portrait~ipad.png */; };
		54F5148F19887D980068372E /* MGWUBackgroundDark-Portrait~iphone.png in Resources */ = {isa = PBXBuildFile; fileRef = 54F5144819887D970068372E /* MGWUBackgroundDark-Portrait~iphone.png */; };
		54F5149019887D980068372E /* MGWUClose.png in Resources */ = {isa = PBXBuildFile; fileRef = 54F5144919887D970068372E /* MGWUClose.png */; };
		54F5149119887D980068372E /* MGWUClose@2x.png in Resources */ = {isa = PBXBuildFile; fileRef = 54F5144A19887D970068372E /* MGWUClose@2x.png */; };
		54F5149219887D980068372E /* MGWUFacebookLoginLandscape.nib in Resources */ = {isa = PBXBuildFile; fileRef = 54F5144B19887D970068372E /* MGWUFacebookLoginLandscape.nib */; };
		54F5149319887D980068372E /* MGWUFacebookLoginLandscapeDark.nib in Resources */ = {isa = PBXBuildFile; fileRef = 54F5144C19887D970068372E /* MGWUFacebookLoginLandscapeDark.nib */; };
		54F5149419887D980068372E /* MGWUFacebookLoginPortrait.nib in Resources */ = {isa = PBXBuildFile; fileRef = 54F5144D19887D970068372E /* MGWUFacebookLoginPortrait.nib */; };
		54F5149519887D980068372E /* MGWUFacebookLoginPortraitDark.nib in Resources */ = {isa = PBXBuildFile; fileRef = 54F5144E19887D970068372E /* MGWUFacebookLoginPortraitDark.nib */; };
		54F5149619887D980068372E /* mgwuLogo.png in Resources */ = {isa = PBXBuildFile; fileRef = 54F5144F19887D970068372E /* mgwuLogo.png */; };
		54F5149719887D980068372E /* mgwuLogo@2x.png in Resources */ = {isa = PBXBuildFile; fileRef = 54F5145019887D970068372E /* mgwuLogo@2x.png */; };
		54F5149819887D980068372E /* mgwuLogoDark.png in Resources */ = {isa = PBXBuildFile; fileRef = 54F5145119887D970068372E /* mgwuLogoDark.png */; };
		54F5149919887D980068372E /* mgwuLogoDark@2x.png in Resources */ = {isa = PBXBuildFile; fileRef = 54F5145219887D970068372E /* mgwuLogoDark@2x.png */; };
		54F5149A19887D980068372E /* mgwuPlaceholderIcon.png in Resources */ = {isa = PBXBuildFile; fileRef = 54F5145319887D970068372E /* mgwuPlaceholderIcon.png */; };
		54F5149B19887D980068372E /* mgwuPlaceholderIcon@2x.png in Resources */ = {isa = PBXBuildFile; fileRef = 54F5145419887D970068372E /* mgwuPlaceholderIcon@2x.png */; };
		54F5149C19887D980068372E /* mgwuPlaceholderIconDark.png in Resources */ = {isa = PBXBuildFile; fileRef = 54F5145519887D970068372E /* mgwuPlaceholderIconDark.png */; };
		54F5149D19887D980068372E /* mgwuPlaceholderIconDark@2x.png in Resources */ = {isa = PBXBuildFile; fileRef = 54F5145619887D970068372E /* mgwuPlaceholderIconDark@2x.png */; };
		54F5149E19887D980068372E /* operator.available.png in Resources */ = {isa = PBXBuildFile; fileRef = 54F5145719887D970068372E /* operator.available.png */; };
		54F5149F19887D980068372E /* operator.connecting.png in Resources */ = {isa = PBXBuildFile; fileRef = 54F5145819887D970068372E /* operator.connecting.png */; };
		54F514A019887D980068372E /* operator.unavailable.png in Resources */ = {isa = PBXBuildFile; fileRef = 54F5145919887D970068372E /* operator.unavailable.png */; };
		54F514A119887D980068372E /* send-button-active.png in Resources */ = {isa = PBXBuildFile; fileRef = 54F5145A19887D970068372E /* send-button-active.png */; };
		54F514A219887D980068372E /* send-button-inactive.png in Resources */ = {isa = PBXBuildFile; fileRef = 54F5145B19887D970068372E /* send-button-inactive.png */; };
		54F514A319887D980068372E /* send-button-instate.png in Resources */ = {isa = PBXBuildFile; fileRef = 54F5145C19887D970068372E /* send-button-instate.png */; };
		54F514A419887D980068372E /* send-field-landscape.png in Resources */ = {isa = PBXBuildFile; fileRef = 54F5145D19887D970068372E /* send-field-landscape.png */; };
		623468ED19690A890030AC0A /* FriendListScene.m in Sources */ = {isa = PBXBuildFile; fileRef = 623468D519690A890030AC0A /* FriendListScene.m */; };
		623468EF19690A890030AC0A /* MainScene.m in Sources */ = {isa = PBXBuildFile; fileRef = 623468D919690A890030AC0A /* MainScene.m */; };
		623468F219690A890030AC0A /* PlayerCell.m in Sources */ = {isa = PBXBuildFile; fileRef = 623468E019690A890030AC0A /* PlayerCell.m */; };
		623468F319690A890030AC0A /* SectionCell.m in Sources */ = {isa = PBXBuildFile; fileRef = 623468E219690A890030AC0A /* SectionCell.m */; };
		623468F519690A890030AC0A /* UserInfo.m in Sources */ = {isa = PBXBuildFile; fileRef = 623468E719690A890030AC0A /* UserInfo.m */; };
		623468F619690A890030AC0A /* CCSpriteDownloadImage.m in Sources */ = {isa = PBXBuildFile; fileRef = 623468EA19690A890030AC0A /* CCSpriteDownloadImage.m */; };
		62468A24192D3FE000E41128 /* ghosty.otf in Resources */ = {isa = PBXBuildFile; fileRef = 62468A23192D3FE000E41128 /* ghosty.otf */; };
		62468B5F192D753000E41128 /* MessageUI.framework in Frameworks */ = {isa = PBXBuildFile; fileRef = 62468B5E192D753000E41128 /* MessageUI.framework */; };
		62468B63192D754100E41128 /* Social.framework in Frameworks */ = {isa = PBXBuildFile; fileRef = 62468B62192D754100E41128 /* Social.framework */; };
		62468B65192D754B00E41128 /* StoreKit.framework in Frameworks */ = {isa = PBXBuildFile; fileRef = 62468B64192D754B00E41128 /* StoreKit.framework */; };
		62468B67192D755600E41128 /* SystemConfiguration.framework in Frameworks */ = {isa = PBXBuildFile; fileRef = 62468B66192D755600E41128 /* SystemConfiguration.framework */; };
		624B45C01940EB3F00A81B57 /* CoreMotion.framework in Frameworks */ = {isa = PBXBuildFile; fileRef = 624B45BF1940EB3F00A81B57 /* CoreMotion.framework */; };
		625B9E98194FA67500DB3A3E /* GLKit.framework in Frameworks */ = {isa = PBXBuildFile; fileRef = 625B9E97194FA67500DB3A3E /* GLKit.framework */; };
		B71F5911188484E7003F4D28 /* iPad-old.png in Resources */ = {isa = PBXBuildFile; fileRef = B71F5907188484E7003F4D28 /* iPad-old.png */; };
		B71F5912188484E7003F4D28 /* iPad-old@2x.png in Resources */ = {isa = PBXBuildFile; fileRef = B71F5908188484E7003F4D28 /* iPad-old@2x.png */; };
		B71F5913188484E7003F4D28 /* iPad.png in Resources */ = {isa = PBXBuildFile; fileRef = B71F5909188484E7003F4D28 /* iPad.png */; };
		B71F5914188484E7003F4D28 /* iPad@2x.png in Resources */ = {isa = PBXBuildFile; fileRef = B71F590A188484E7003F4D28 /* iPad@2x.png */; };
		B71F5915188484E7003F4D28 /* iPhone-old.png in Resources */ = {isa = PBXBuildFile; fileRef = B71F590B188484E7003F4D28 /* iPhone-old.png */; };
		B71F5916188484E7003F4D28 /* iPhone-old@2x.png in Resources */ = {isa = PBXBuildFile; fileRef = B71F590C188484E7003F4D28 /* iPhone-old@2x.png */; };
		B71F5917188484E7003F4D28 /* iPhone.png in Resources */ = {isa = PBXBuildFile; fileRef = B71F590D188484E7003F4D28 /* iPhone.png */; };
		B71F5918188484E7003F4D28 /* iPhone@2x.png in Resources */ = {isa = PBXBuildFile; fileRef = B71F590E188484E7003F4D28 /* iPhone@2x.png */; };
		B71F5919188484E7003F4D28 /* Settings.png in Resources */ = {isa = PBXBuildFile; fileRef = B71F590F188484E7003F4D28 /* Settings.png */; };
		B71F591A188484E7003F4D28 /* Settings@2x.png in Resources */ = {isa = PBXBuildFile; fileRef = B71F5910188484E7003F4D28 /* Settings@2x.png */; };
		B737893B180761570076A88C /* Published-iOS in Resources */ = {isa = PBXBuildFile; fileRef = B737893A180761570076A88C /* Published-iOS */; };
		B737893F1807617C0076A88C /* AppDelegate.m in Sources */ = {isa = PBXBuildFile; fileRef = B737893E1807617C0076A88C /* AppDelegate.m */; };
		B7378975180762440076A88C /* Default-568h@2x.png in Resources */ = {isa = PBXBuildFile; fileRef = B737896B180762440076A88C /* Default-568h@2x.png */; };
		B7378977180762440076A88C /* Default.png in Resources */ = {isa = PBXBuildFile; fileRef = B737896D180762440076A88C /* Default.png */; };
		B7378978180762440076A88C /* Default@2x.png in Resources */ = {isa = PBXBuildFile; fileRef = B737896E180762440076A88C /* Default@2x.png */; };
		B73789871807631A0076A88C /* main.m in Sources */ = {isa = PBXBuildFile; fileRef = B73789851807631A0076A88C /* main.m */; };
		B737898A1807642B0076A88C /* libcocos2d.a in Frameworks */ = {isa = PBXBuildFile; fileRef = B737894B180761A90076A88C /* libcocos2d.a */; };
		B77F1B3217B978D7009739AE /* QuartzCore.framework in Frameworks */ = {isa = PBXBuildFile; fileRef = B77F1B3117B978D7009739AE /* QuartzCore.framework */; };
		B77F1B3417B978D7009739AE /* OpenGLES.framework in Frameworks */ = {isa = PBXBuildFile; fileRef = B77F1B3317B978D7009739AE /* OpenGLES.framework */; };
		B77F1B3617B978D7009739AE /* OpenAL.framework in Frameworks */ = {isa = PBXBuildFile; fileRef = B77F1B3517B978D7009739AE /* OpenAL.framework */; };
		B77F1B3817B978D7009739AE /* AudioToolbox.framework in Frameworks */ = {isa = PBXBuildFile; fileRef = B77F1B3717B978D7009739AE /* AudioToolbox.framework */; };
		B77F1B3A17B978D7009739AE /* AVFoundation.framework in Frameworks */ = {isa = PBXBuildFile; fileRef = B77F1B3917B978D7009739AE /* AVFoundation.framework */; };
		B77F1B3C17B978D7009739AE /* UIKit.framework in Frameworks */ = {isa = PBXBuildFile; fileRef = B77F1B3B17B978D7009739AE /* UIKit.framework */; };
		B77F1B3E17B978D7009739AE /* Foundation.framework in Frameworks */ = {isa = PBXBuildFile; fileRef = B77F1B3D17B978D7009739AE /* Foundation.framework */; };
		B77F1B4017B978D7009739AE /* CoreGraphics.framework in Frameworks */ = {isa = PBXBuildFile; fileRef = B77F1B3F17B978D7009739AE /* CoreGraphics.framework */; };
		B77F1B4217B978D7009739AE /* CoreText.framework in Frameworks */ = {isa = PBXBuildFile; fileRef = B77F1B4117B978D7009739AE /* CoreText.framework */; };
/* End PBXBuildFile section */

/* Begin PBXContainerItemProxy section */
		B737894A180761A90076A88C /* PBXContainerItemProxy */ = {
			isa = PBXContainerItemProxy;
			containerPortal = B7378940180761A80076A88C /* cocos2d-ios.xcodeproj */;
			proxyType = 2;
			remoteGlobalIDString = 5018F24D0DFDEAC400C013A5;
			remoteInfo = cocos2d;
		};
		B7378988180764180076A88C /* PBXContainerItemProxy */ = {
			isa = PBXContainerItemProxy;
			containerPortal = B7378940180761A80076A88C /* cocos2d-ios.xcodeproj */;
			proxyType = 1;
			remoteGlobalIDString = 5018F24C0DFDEAC400C013A5;
			remoteInfo = cocos2d;
		};
/* End PBXContainerItemProxy section */

/* Begin PBXFileReference section */
		54083A87196CDC0F00F1A51C /* GameScene.h */ = {isa = PBXFileReference; fileEncoding = 4; lastKnownFileType = sourcecode.c.h; path = GameScene.h; sourceTree = "<group>"; };
		54083A88196CDC0F00F1A51C /* GameScene.m */ = {isa = PBXFileReference; fileEncoding = 4; lastKnownFileType = sourcecode.c.objc; path = GameScene.m; sourceTree = "<group>"; };
		549BB1CD19887F4E0078211E /* Security.framework */ = {isa = PBXFileReference; lastKnownFileType = wrapper.framework; name = Security.framework; path = System/Library/Frameworks/Security.framework; sourceTree = SDKROOT; };
		54F5141319887D7A0068372E /* libz.dylib */ = {isa = PBXFileReference; lastKnownFileType = "compiled.mach-o.dylib"; name = libz.dylib; path = usr/lib/libz.dylib; sourceTree = SDKROOT; };
		54F5141619887D970068372E /* mgwuSDK.framework */ = {isa = PBXFileReference; lastKnownFileType = wrapper.framework; path = mgwuSDK.framework; sourceTree = "<group>"; };
		54F5141819887D970068372E /* aqua.png */ = {isa = PBXFileReference; lastKnownFileType = image.png; path = aqua.png; sourceTree = "<group>"; };
		54F5141919887D970068372E /* bluechatbubble.png */ = {isa = PBXFileReference; lastKnownFileType = image.png; path = bluechatbubble.png; sourceTree = "<group>"; };
		54F5141A19887D970068372E /* CrossPromoViewController.nib */ = {isa = PBXFileReference; lastKnownFileType = file.bplist; path = CrossPromoViewController.nib; sourceTree = "<group>"; };
		54F5141B19887D970068372E /* FacebookIcon.png */ = {isa = PBXFileReference; lastKnownFileType = image.png; path = FacebookIcon.png; sourceTree = "<group>"; };
		54F5141C19887D970068372E /* FacebookSDKResources.bundle */ = {isa = PBXFileReference; lastKnownFileType = "wrapper.plug-in"; path = FacebookSDKResources.bundle; sourceTree = "<group>"; };
		54F5141D19887D970068372E /* fb_connect.png */ = {isa = PBXFileReference; lastKnownFileType = image.png; path = fb_connect.png; sourceTree = "<group>"; };
		54F5141E19887D970068372E /* FBLoginButton.png */ = {isa = PBXFileReference; lastKnownFileType = image.png; path = FBLoginButton.png; sourceTree = "<group>"; };
		54F5141F19887D970068372E /* FBLoginButton@2x.png */ = {isa = PBXFileReference; lastKnownFileType = image.png; path = "FBLoginButton@2x.png"; sourceTree = "<group>"; };
		54F5142019887D970068372E /* FBLoginButtonPressed.png */ = {isa = PBXFileReference; lastKnownFileType = image.png; path = FBLoginButtonPressed.png; sourceTree = "<group>"; };
		54F5142119887D970068372E /* FBLoginButtonPressed@2x.png */ = {isa = PBXFileReference; lastKnownFileType = image.png; path = "FBLoginButtonPressed@2x.png"; sourceTree = "<group>"; };
		54F5142219887D970068372E /* FBNoThanksButton.png */ = {isa = PBXFileReference; lastKnownFileType = image.png; path = FBNoThanksButton.png; sourceTree = "<group>"; };
		54F5142319887D970068372E /* FBNoThanksButton@2x.png */ = {isa = PBXFileReference; lastKnownFileType = image.png; path = "FBNoThanksButton@2x.png"; sourceTree = "<group>"; };
		54F5142419887D970068372E /* FBNoThanksButtonPressed.png */ = {isa = PBXFileReference; lastKnownFileType = image.png; path = FBNoThanksButtonPressed.png; sourceTree = "<group>"; };
		54F5142519887D970068372E /* FBNoThanksButtonPressed@2x.png */ = {isa = PBXFileReference; lastKnownFileType = image.png; path = "FBNoThanksButtonPressed@2x.png"; sourceTree = "<group>"; };
		54F5142619887D970068372E /* green.png */ = {isa = PBXFileReference; lastKnownFileType = image.png; path = green.png; sourceTree = "<group>"; };
		54F5142719887D970068372E /* grey-background.png */ = {isa = PBXFileReference; lastKnownFileType = image.png; path = "grey-background.png"; sourceTree = "<group>"; };
		54F5142819887D970068372E /* hipmob.back.btn.png */ = {isa = PBXFileReference; lastKnownFileType = image.png; path = hipmob.back.btn.png; sourceTree = "<group>"; };
		54F5142919887D970068372E /* hipmob.send.png */ = {isa = PBXFileReference; lastKnownFileType = image.png; path = hipmob.send.png; sourceTree = "<group>"; };
		54F5142A19887D970068372E /* hipmobsend_field.png */ = {isa = PBXFileReference; lastKnownFileType = image.png; path = hipmobsend_field.png; sourceTree = "<group>"; };
		54F5142B19887D970068372E /* hipmobsend_field@2x.png */ = {isa = PBXFileReference; lastKnownFileType = image.png; path = "hipmobsend_field@2x.png"; sourceTree = "<group>"; };
		54F5142C19887D970068372E /* mgwu-gk-notification.png */ = {isa = PBXFileReference; lastKnownFileType = image.png; path = "mgwu-gk-notification.png"; sourceTree = "<group>"; };
		54F5142D19887D970068372E /* mgwu-gk-notification@2x.png */ = {isa = PBXFileReference; lastKnownFileType = image.png; path = "mgwu-gk-notification@2x.png"; sourceTree = "<group>"; };
		54F5142E19887D970068372E /* mgwu-m.png */ = {isa = PBXFileReference; lastKnownFileType = image.png; path = "mgwu-m.png"; sourceTree = "<group>"; };
		54F5142F19887D970068372E /* mgwu-m@2x.png */ = {isa = PBXFileReference; lastKnownFileType = image.png; path = "mgwu-m@2x.png"; sourceTree = "<group>"; };
		54F5143019887D970068372E /* MGWUAboutFooter-Landscape-568h@2x~iphone.png */ = {isa = PBXFileReference; lastKnownFileType = image.png; path = "MGWUAboutFooter-Landscape-568h@2x~iphone.png"; sourceTree = "<group>"; };
		54F5143119887D970068372E /* MGWUAboutFooter-Landscape@2x~ipad.png */ = {isa = PBXFileReference; lastKnownFileType = image.png; path = "MGWUAboutFooter-Landscape@2x~ipad.png"; sourceTree = "<group>"; };
		54F5143219887D970068372E /* MGWUAboutFooter-Landscape@2x~iphone.png */ = {isa = PBXFileReference; lastKnownFileType = image.png; path = "MGWUAboutFooter-Landscape@2x~iphone.png"; sourceTree = "<group>"; };
		54F5143319887D970068372E /* MGWUAboutFooter-Landscape~ipad.png */ = {isa = PBXFileReference; lastKnownFileType = image.png; path = "MGWUAboutFooter-Landscape~ipad.png"; sourceTree = "<group>"; };
		54F5143419887D970068372E /* MGWUAboutFooter-Landscape~iphone.png */ = {isa = PBXFileReference; lastKnownFileType = image.png; path = "MGWUAboutFooter-Landscape~iphone.png"; sourceTree = "<group>"; };
		54F5143519887D970068372E /* MGWUAboutFooter-Portrait@2x~ipad.png */ = {isa = PBXFileReference; lastKnownFileType = image.png; path = "MGWUAboutFooter-Portrait@2x~ipad.png"; sourceTree = "<group>"; };
		54F5143619887D970068372E /* MGWUAboutFooter-Portrait@2x~iphone.png */ = {isa = PBXFileReference; lastKnownFileType = image.png; path = "MGWUAboutFooter-Portrait@2x~iphone.png"; sourceTree = "<group>"; };
		54F5143719887D970068372E /* MGWUAboutFooter-Portrait~ipad.png */ = {isa = PBXFileReference; lastKnownFileType = image.png; path = "MGWUAboutFooter-Portrait~ipad.png"; sourceTree = "<group>"; };
		54F5143819887D970068372E /* MGWUAboutFooter-Portrait~iphone.png */ = {isa = PBXFileReference; lastKnownFileType = image.png; path = "MGWUAboutFooter-Portrait~iphone.png"; sourceTree = "<group>"; };
		54F5143919887D970068372E /* MGWUBackground-Landscape@2x~ipad.png */ = {isa = PBXFileReference; lastKnownFileType = image.png; path = "MGWUBackground-Landscape@2x~ipad.png"; sourceTree = "<group>"; };
		54F5143A19887D970068372E /* MGWUBackground-Landscape@2x~iphone.png */ = {isa = PBXFileReference; lastKnownFileType = image.png; path = "MGWUBackground-Landscape@2x~iphone.png"; sourceTree = "<group>"; };
		54F5143B19887D970068372E /* MGWUBackground-Landscape~ipad.png */ = {isa = PBXFileReference; lastKnownFileType = image.png; path = "MGWUBackground-Landscape~ipad.png"; sourceTree = "<group>"; };
		54F5143C19887D970068372E /* MGWUBackground-Landscape~iphone.png */ = {isa = PBXFileReference; lastKnownFileType = image.png; path = "MGWUBackground-Landscape~iphone.png"; sourceTree = "<group>"; };
		54F5143D19887D970068372E /* MGWUBackground-Portrait@2x~ipad.png */ = {isa = PBXFileReference; lastKnownFileType = image.png; path = "MGWUBackground-Portrait@2x~ipad.png"; sourceTree = "<group>"; };
		54F5143E19887D970068372E /* MGWUBackground-Portrait@2x~iphone.png */ = {isa = PBXFileReference; lastKnownFileType = image.png; path = "MGWUBackground-Portrait@2x~iphone.png"; sourceTree = "<group>"; };
		54F5143F19887D970068372E /* MGWUBackground-Portrait~ipad.png */ = {isa = PBXFileReference; lastKnownFileType = image.png; path = "MGWUBackground-Portrait~ipad.png"; sourceTree = "<group>"; };
		54F5144019887D970068372E /* MGWUBackground-Portrait~iphone.png */ = {isa = PBXFileReference; lastKnownFileType = image.png; path = "MGWUBackground-Portrait~iphone.png"; sourceTree = "<group>"; };
		54F5144119887D970068372E /* MGWUBackgroundDark-Landscape@2x~ipad.png */ = {isa = PBXFileReference; lastKnownFileType = image.png; path = "MGWUBackgroundDark-Landscape@2x~ipad.png"; sourceTree = "<group>"; };
		54F5144219887D970068372E /* MGWUBackgroundDark-Landscape@2x~iphone.png */ = {isa = PBXFileReference; lastKnownFileType = image.png; path = "MGWUBackgroundDark-Landscape@2x~iphone.png"; sourceTree = "<group>"; };
		54F5144319887D970068372E /* MGWUBackgroundDark-Landscape~ipad.png */ = {isa = PBXFileReference; lastKnownFileType = image.png; path = "MGWUBackgroundDark-Landscape~ipad.png"; sourceTree = "<group>"; };
		54F5144419887D970068372E /* MGWUBackgroundDark-Landscape~iphone.png */ = {isa = PBXFileReference; lastKnownFileType = image.png; path = "MGWUBackgroundDark-Landscape~iphone.png"; sourceTree = "<group>"; };
		54F5144519887D970068372E /* MGWUBackgroundDark-Portrait@2x~ipad.png */ = {isa = PBXFileReference; lastKnownFileType = image.png; path = "MGWUBackgroundDark-Portrait@2x~ipad.png"; sourceTree = "<group>"; };
		54F5144619887D970068372E /* MGWUBackgroundDark-Portrait@2x~iphone.png */ = {isa = PBXFileReference; lastKnownFileType = image.png; path = "MGWUBackgroundDark-Portrait@2x~iphone.png"; sourceTree = "<group>"; };
		54F5144719887D970068372E /* MGWUBackgroundDark-Portrait~ipad.png */ = {isa = PBXFileReference; lastKnownFileType = image.png; path = "MGWUBackgroundDark-Portrait~ipad.png"; sourceTree = "<group>"; };
		54F5144819887D970068372E /* MGWUBackgroundDark-Portrait~iphone.png */ = {isa = PBXFileReference; lastKnownFileType = image.png; path = "MGWUBackgroundDark-Portrait~iphone.png"; sourceTree = "<group>"; };
		54F5144919887D970068372E /* MGWUClose.png */ = {isa = PBXFileReference; lastKnownFileType = image.png; path = MGWUClose.png; sourceTree = "<group>"; };
		54F5144A19887D970068372E /* MGWUClose@2x.png */ = {isa = PBXFileReference; lastKnownFileType = image.png; path = "MGWUClose@2x.png"; sourceTree = "<group>"; };
		54F5144B19887D970068372E /* MGWUFacebookLoginLandscape.nib */ = {isa = PBXFileReference; lastKnownFileType = file.bplist; path = MGWUFacebookLoginLandscape.nib; sourceTree = "<group>"; };
		54F5144C19887D970068372E /* MGWUFacebookLoginLandscapeDark.nib */ = {isa = PBXFileReference; lastKnownFileType = file.bplist; path = MGWUFacebookLoginLandscapeDark.nib; sourceTree = "<group>"; };
		54F5144D19887D970068372E /* MGWUFacebookLoginPortrait.nib */ = {isa = PBXFileReference; lastKnownFileType = file.bplist; path = MGWUFacebookLoginPortrait.nib; sourceTree = "<group>"; };
		54F5144E19887D970068372E /* MGWUFacebookLoginPortraitDark.nib */ = {isa = PBXFileReference; lastKnownFileType = file.bplist; path = MGWUFacebookLoginPortraitDark.nib; sourceTree = "<group>"; };
		54F5144F19887D970068372E /* mgwuLogo.png */ = {isa = PBXFileReference; lastKnownFileType = image.png; path = mgwuLogo.png; sourceTree = "<group>"; };
		54F5145019887D970068372E /* mgwuLogo@2x.png */ = {isa = PBXFileReference; lastKnownFileType = image.png; path = "mgwuLogo@2x.png"; sourceTree = "<group>"; };
		54F5145119887D970068372E /* mgwuLogoDark.png */ = {isa = PBXFileReference; lastKnownFileType = image.png; path = mgwuLogoDark.png; sourceTree = "<group>"; };
		54F5145219887D970068372E /* mgwuLogoDark@2x.png */ = {isa = PBXFileReference; lastKnownFileType = image.png; path = "mgwuLogoDark@2x.png"; sourceTree = "<group>"; };
		54F5145319887D970068372E /* mgwuPlaceholderIcon.png */ = {isa = PBXFileReference; lastKnownFileType = image.png; path = mgwuPlaceholderIcon.png; sourceTree = "<group>"; };
		54F5145419887D970068372E /* mgwuPlaceholderIcon@2x.png */ = {isa = PBXFileReference; lastKnownFileType = image.png; path = "mgwuPlaceholderIcon@2x.png"; sourceTree = "<group>"; };
		54F5145519887D970068372E /* mgwuPlaceholderIconDark.png */ = {isa = PBXFileReference; lastKnownFileType = image.png; path = mgwuPlaceholderIconDark.png; sourceTree = "<group>"; };
		54F5145619887D970068372E /* mgwuPlaceholderIconDark@2x.png */ = {isa = PBXFileReference; lastKnownFileType = image.png; path = "mgwuPlaceholderIconDark@2x.png"; sourceTree = "<group>"; };
		54F5145719887D970068372E /* operator.available.png */ = {isa = PBXFileReference; lastKnownFileType = image.png; path = operator.available.png; sourceTree = "<group>"; };
		54F5145819887D970068372E /* operator.connecting.png */ = {isa = PBXFileReference; lastKnownFileType = image.png; path = operator.connecting.png; sourceTree = "<group>"; };
		54F5145919887D970068372E /* operator.unavailable.png */ = {isa = PBXFileReference; lastKnownFileType = image.png; path = operator.unavailable.png; sourceTree = "<group>"; };
		54F5145A19887D970068372E /* send-button-active.png */ = {isa = PBXFileReference; lastKnownFileType = image.png; path = "send-button-active.png"; sourceTree = "<group>"; };
		54F5145B19887D970068372E /* send-button-inactive.png */ = {isa = PBXFileReference; lastKnownFileType = image.png; path = "send-button-inactive.png"; sourceTree = "<group>"; };
		54F5145C19887D970068372E /* send-button-instate.png */ = {isa = PBXFileReference; lastKnownFileType = image.png; path = "send-button-instate.png"; sourceTree = "<group>"; };
		54F5145D19887D970068372E /* send-field-landscape.png */ = {isa = PBXFileReference; lastKnownFileType = image.png; path = "send-field-landscape.png"; sourceTree = "<group>"; };
		623468D419690A890030AC0A /* FriendListScene.h */ = {isa = PBXFileReference; fileEncoding = 4; lastKnownFileType = sourcecode.c.h; path = FriendListScene.h; sourceTree = "<group>"; };
		623468D519690A890030AC0A /* FriendListScene.m */ = {isa = PBXFileReference; fileEncoding = 4; lastKnownFileType = sourcecode.c.objc; path = FriendListScene.m; sourceTree = "<group>"; };
		623468D819690A890030AC0A /* MainScene.h */ = {isa = PBXFileReference; fileEncoding = 4; lastKnownFileType = sourcecode.c.h; path = MainScene.h; sourceTree = "<group>"; };
		623468D919690A890030AC0A /* MainScene.m */ = {isa = PBXFileReference; fileEncoding = 4; lastKnownFileType = sourcecode.c.objc; path = MainScene.m; sourceTree = "<group>"; };
		623468DF19690A890030AC0A /* PlayerCell.h */ = {isa = PBXFileReference; fileEncoding = 4; lastKnownFileType = sourcecode.c.h; path = PlayerCell.h; sourceTree = "<group>"; };
		623468E019690A890030AC0A /* PlayerCell.m */ = {isa = PBXFileReference; fileEncoding = 4; lastKnownFileType = sourcecode.c.objc; path = PlayerCell.m; sourceTree = "<group>"; };
		623468E119690A890030AC0A /* SectionCell.h */ = {isa = PBXFileReference; fileEncoding = 4; lastKnownFileType = sourcecode.c.h; path = SectionCell.h; sourceTree = "<group>"; };
		623468E219690A890030AC0A /* SectionCell.m */ = {isa = PBXFileReference; fileEncoding = 4; lastKnownFileType = sourcecode.c.objc; path = SectionCell.m; sourceTree = "<group>"; };
		623468E619690A890030AC0A /* UserInfo.h */ = {isa = PBXFileReference; fileEncoding = 4; lastKnownFileType = sourcecode.c.h; path = UserInfo.h; sourceTree = "<group>"; };
		623468E719690A890030AC0A /* UserInfo.m */ = {isa = PBXFileReference; fileEncoding = 4; lastKnownFileType = sourcecode.c.objc; path = UserInfo.m; sourceTree = "<group>"; };
		623468E919690A890030AC0A /* CCSpriteDownloadImage.h */ = {isa = PBXFileReference; fileEncoding = 4; lastKnownFileType = sourcecode.c.h; path = CCSpriteDownloadImage.h; sourceTree = "<group>"; };
		623468EA19690A890030AC0A /* CCSpriteDownloadImage.m */ = {isa = PBXFileReference; fileEncoding = 4; lastKnownFileType = sourcecode.c.objc; path = CCSpriteDownloadImage.m; sourceTree = "<group>"; };
		62468A23192D3FE000E41128 /* ghosty.otf */ = {isa = PBXFileReference; lastKnownFileType = file; path = ghosty.otf; sourceTree = "<group>"; };
		62468B5E192D753000E41128 /* MessageUI.framework */ = {isa = PBXFileReference; lastKnownFileType = wrapper.framework; name = MessageUI.framework; path = System/Library/Frameworks/MessageUI.framework; sourceTree = SDKROOT; };
		62468B62192D754100E41128 /* Social.framework */ = {isa = PBXFileReference; lastKnownFileType = wrapper.framework; name = Social.framework; path = System/Library/Frameworks/Social.framework; sourceTree = SDKROOT; };
		62468B64192D754B00E41128 /* StoreKit.framework */ = {isa = PBXFileReference; lastKnownFileType = wrapper.framework; name = StoreKit.framework; path = System/Library/Frameworks/StoreKit.framework; sourceTree = SDKROOT; };
		62468B66192D755600E41128 /* SystemConfiguration.framework */ = {isa = PBXFileReference; lastKnownFileType = wrapper.framework; name = SystemConfiguration.framework; path = System/Library/Frameworks/SystemConfiguration.framework; sourceTree = SDKROOT; };
		62468B6A192E53B500E41128 /* Info.plist */ = {isa = PBXFileReference; fileEncoding = 4; lastKnownFileType = text.plist.xml; path = Info.plist; sourceTree = "<group>"; };
		624B45BF1940EB3F00A81B57 /* CoreMotion.framework */ = {isa = PBXFileReference; lastKnownFileType = wrapper.framework; name = CoreMotion.framework; path = System/Library/Frameworks/CoreMotion.framework; sourceTree = SDKROOT; };
		625B9E97194FA67500DB3A3E /* GLKit.framework */ = {isa = PBXFileReference; lastKnownFileType = wrapper.framework; name = GLKit.framework; path = System/Library/Frameworks/GLKit.framework; sourceTree = SDKROOT; };
		B71F5907188484E7003F4D28 /* iPad-old.png */ = {isa = PBXFileReference; lastKnownFileType = image.png; name = "iPad-old.png"; path = "Icons/iPad-old.png"; sourceTree = "<group>"; };
		B71F5908188484E7003F4D28 /* iPad-old@2x.png */ = {isa = PBXFileReference; lastKnownFileType = image.png; name = "iPad-old@2x.png"; path = "Icons/iPad-old@2x.png"; sourceTree = "<group>"; };
		B71F5909188484E7003F4D28 /* iPad.png */ = {isa = PBXFileReference; lastKnownFileType = image.png; name = iPad.png; path = Icons/iPad.png; sourceTree = "<group>"; };
		B71F590A188484E7003F4D28 /* iPad@2x.png */ = {isa = PBXFileReference; lastKnownFileType = image.png; name = "iPad@2x.png"; path = "Icons/iPad@2x.png"; sourceTree = "<group>"; };
		B71F590B188484E7003F4D28 /* iPhone-old.png */ = {isa = PBXFileReference; lastKnownFileType = image.png; name = "iPhone-old.png"; path = "Icons/iPhone-old.png"; sourceTree = "<group>"; };
		B71F590C188484E7003F4D28 /* iPhone-old@2x.png */ = {isa = PBXFileReference; lastKnownFileType = image.png; name = "iPhone-old@2x.png"; path = "Icons/iPhone-old@2x.png"; sourceTree = "<group>"; };
		B71F590D188484E7003F4D28 /* iPhone.png */ = {isa = PBXFileReference; lastKnownFileType = image.png; name = iPhone.png; path = Icons/iPhone.png; sourceTree = "<group>"; };
		B71F590E188484E7003F4D28 /* iPhone@2x.png */ = {isa = PBXFileReference; lastKnownFileType = image.png; name = "iPhone@2x.png"; path = "Icons/iPhone@2x.png"; sourceTree = "<group>"; };
		B71F590F188484E7003F4D28 /* Settings.png */ = {isa = PBXFileReference; lastKnownFileType = image.png; name = Settings.png; path = Icons/Settings.png; sourceTree = "<group>"; };
		B71F5910188484E7003F4D28 /* Settings@2x.png */ = {isa = PBXFileReference; lastKnownFileType = image.png; name = "Settings@2x.png"; path = "Icons/Settings@2x.png"; sourceTree = "<group>"; };
		B737893A180761570076A88C /* Published-iOS */ = {isa = PBXFileReference; lastKnownFileType = folder; name = "Published-iOS"; path = "Source/Resources/Published-iOS"; sourceTree = SOURCE_ROOT; };
		B737893D1807617C0076A88C /* AppDelegate.h */ = {isa = PBXFileReference; fileEncoding = 4; lastKnownFileType = sourcecode.c.h; name = AppDelegate.h; path = Source/AppDelegate.h; sourceTree = "<group>"; };
		B737893E1807617C0076A88C /* AppDelegate.m */ = {isa = PBXFileReference; fileEncoding = 4; lastKnownFileType = sourcecode.c.objc; name = AppDelegate.m; path = Source/AppDelegate.m; sourceTree = "<group>"; };
		B7378940180761A80076A88C /* cocos2d-ios.xcodeproj */ = {isa = PBXFileReference; lastKnownFileType = "wrapper.pb-project"; name = "cocos2d-ios.xcodeproj"; path = "Source/libs/cocos2d-iphone/cocos2d-ios.xcodeproj"; sourceTree = SOURCE_ROOT; };
		B737896B180762440076A88C /* Default-568h@2x.png */ = {isa = PBXFileReference; lastKnownFileType = image.png; name = "Default-568h@2x.png"; path = "Source/Resources/Default-568h@2x.png"; sourceTree = SOURCE_ROOT; };
		B737896D180762440076A88C /* Default.png */ = {isa = PBXFileReference; lastKnownFileType = image.png; name = Default.png; path = Source/Resources/Default.png; sourceTree = SOURCE_ROOT; };
		B737896E180762440076A88C /* Default@2x.png */ = {isa = PBXFileReference; lastKnownFileType = image.png; name = "Default@2x.png"; path = "Source/Resources/Default@2x.png"; sourceTree = SOURCE_ROOT; };
		B73789851807631A0076A88C /* main.m */ = {isa = PBXFileReference; fileEncoding = 4; lastKnownFileType = sourcecode.c.objc; name = main.m; path = Source/main.m; sourceTree = SOURCE_ROOT; };
		B73789861807631A0076A88C /* Prefix.pch */ = {isa = PBXFileReference; fileEncoding = 4; lastKnownFileType = sourcecode.c.h; name = Prefix.pch; path = Source/Prefix.pch; sourceTree = SOURCE_ROOT; };
		B77F1B2E17B978D7009739AE /* SBMutliplayerTemplate.app */ = {isa = PBXFileReference; explicitFileType = wrapper.application; includeInIndex = 0; path = SBMutliplayerTemplate.app; sourceTree = BUILT_PRODUCTS_DIR; };
		B77F1B3117B978D7009739AE /* QuartzCore.framework */ = {isa = PBXFileReference; lastKnownFileType = wrapper.framework; name = QuartzCore.framework; path = System/Library/Frameworks/QuartzCore.framework; sourceTree = SDKROOT; };
		B77F1B3317B978D7009739AE /* OpenGLES.framework */ = {isa = PBXFileReference; lastKnownFileType = wrapper.framework; name = OpenGLES.framework; path = System/Library/Frameworks/OpenGLES.framework; sourceTree = SDKROOT; };
		B77F1B3517B978D7009739AE /* OpenAL.framework */ = {isa = PBXFileReference; lastKnownFileType = wrapper.framework; name = OpenAL.framework; path = System/Library/Frameworks/OpenAL.framework; sourceTree = SDKROOT; };
		B77F1B3717B978D7009739AE /* AudioToolbox.framework */ = {isa = PBXFileReference; lastKnownFileType = wrapper.framework; name = AudioToolbox.framework; path = System/Library/Frameworks/AudioToolbox.framework; sourceTree = SDKROOT; };
		B77F1B3917B978D7009739AE /* AVFoundation.framework */ = {isa = PBXFileReference; lastKnownFileType = wrapper.framework; name = AVFoundation.framework; path = System/Library/Frameworks/AVFoundation.framework; sourceTree = SDKROOT; };
		B77F1B3B17B978D7009739AE /* UIKit.framework */ = {isa = PBXFileReference; lastKnownFileType = wrapper.framework; name = UIKit.framework; path = System/Library/Frameworks/UIKit.framework; sourceTree = SDKROOT; };
		B77F1B3D17B978D7009739AE /* Foundation.framework */ = {isa = PBXFileReference; lastKnownFileType = wrapper.framework; name = Foundation.framework; path = System/Library/Frameworks/Foundation.framework; sourceTree = SDKROOT; };
		B77F1B3F17B978D7009739AE /* CoreGraphics.framework */ = {isa = PBXFileReference; lastKnownFileType = wrapper.framework; name = CoreGraphics.framework; path = System/Library/Frameworks/CoreGraphics.framework; sourceTree = SDKROOT; };
		B77F1B4117B978D7009739AE /* CoreText.framework */ = {isa = PBXFileReference; lastKnownFileType = wrapper.framework; name = CoreText.framework; path = System/Library/Frameworks/CoreText.framework; sourceTree = SDKROOT; };
		B7B3713D180358F1007369CC /* libObjectiveChipmunk.a */ = {isa = PBXFileReference; lastKnownFileType = archive.ar; name = libObjectiveChipmunk.a; path = "../libs/cocos2d-iphone/external/Chipmunk/xcode/build/Debug-iphoneos/libObjectiveChipmunk.a"; sourceTree = "<group>"; };
/* End PBXFileReference section */

/* Begin PBXFrameworksBuildPhase section */
		B77F1B2B17B978D7009739AE /* Frameworks */ = {
			isa = PBXFrameworksBuildPhase;
			buildActionMask = 2147483647;
			files = (
				549BB1CE19887F4E0078211E /* Security.framework in Frameworks */,
				54F5141419887D7A0068372E /* libz.dylib in Frameworks */,
				625B9E98194FA67500DB3A3E /* GLKit.framework in Frameworks */,
				624B45C01940EB3F00A81B57 /* CoreMotion.framework in Frameworks */,
				62468B67192D755600E41128 /* SystemConfiguration.framework in Frameworks */,
				62468B65192D754B00E41128 /* StoreKit.framework in Frameworks */,
				54F5145E19887D970068372E /* mgwuSDK.framework in Frameworks */,
				62468B63192D754100E41128 /* Social.framework in Frameworks */,
				62468B5F192D753000E41128 /* MessageUI.framework in Frameworks */,
				B737898A1807642B0076A88C /* libcocos2d.a in Frameworks */,
				B77F1B3217B978D7009739AE /* QuartzCore.framework in Frameworks */,
				B77F1B3417B978D7009739AE /* OpenGLES.framework in Frameworks */,
				B77F1B3617B978D7009739AE /* OpenAL.framework in Frameworks */,
				B77F1B3817B978D7009739AE /* AudioToolbox.framework in Frameworks */,
				B77F1B3A17B978D7009739AE /* AVFoundation.framework in Frameworks */,
				B77F1B3C17B978D7009739AE /* UIKit.framework in Frameworks */,
				B77F1B3E17B978D7009739AE /* Foundation.framework in Frameworks */,
				B77F1B4017B978D7009739AE /* CoreGraphics.framework in Frameworks */,
				B77F1B4217B978D7009739AE /* CoreText.framework in Frameworks */,
			);
			runOnlyForDeploymentPostprocessing = 0;
		};
/* End PBXFrameworksBuildPhase section */

/* Begin PBXGroup section */
		54F5141519887D970068372E /* mgwuSDK.embeddedframework */ = {
			isa = PBXGroup;
			children = (
				54F5141619887D970068372E /* mgwuSDK.framework */,
				54F5141719887D970068372E /* Resources */,
			);
			path = mgwuSDK.embeddedframework;
			sourceTree = "<group>";
		};
		54F5141719887D970068372E /* Resources */ = {
			isa = PBXGroup;
			children = (
				54F5141819887D970068372E /* aqua.png */,
				54F5141919887D970068372E /* bluechatbubble.png */,
				54F5141A19887D970068372E /* CrossPromoViewController.nib */,
				54F5141B19887D970068372E /* FacebookIcon.png */,
				54F5141C19887D970068372E /* FacebookSDKResources.bundle */,
				54F5141D19887D970068372E /* fb_connect.png */,
				54F5141E19887D970068372E /* FBLoginButton.png */,
				54F5141F19887D970068372E /* FBLoginButton@2x.png */,
				54F5142019887D970068372E /* FBLoginButtonPressed.png */,
				54F5142119887D970068372E /* FBLoginButtonPressed@2x.png */,
				54F5142219887D970068372E /* FBNoThanksButton.png */,
				54F5142319887D970068372E /* FBNoThanksButton@2x.png */,
				54F5142419887D970068372E /* FBNoThanksButtonPressed.png */,
				54F5142519887D970068372E /* FBNoThanksButtonPressed@2x.png */,
				54F5142619887D970068372E /* green.png */,
				54F5142719887D970068372E /* grey-background.png */,
				54F5142819887D970068372E /* hipmob.back.btn.png */,
				54F5142919887D970068372E /* hipmob.send.png */,
				54F5142A19887D970068372E /* hipmobsend_field.png */,
				54F5142B19887D970068372E /* hipmobsend_field@2x.png */,
				54F5142C19887D970068372E /* mgwu-gk-notification.png */,
				54F5142D19887D970068372E /* mgwu-gk-notification@2x.png */,
				54F5142E19887D970068372E /* mgwu-m.png */,
				54F5142F19887D970068372E /* mgwu-m@2x.png */,
				54F5143019887D970068372E /* MGWUAboutFooter-Landscape-568h@2x~iphone.png */,
				54F5143119887D970068372E /* MGWUAboutFooter-Landscape@2x~ipad.png */,
				54F5143219887D970068372E /* MGWUAboutFooter-Landscape@2x~iphone.png */,
				54F5143319887D970068372E /* MGWUAboutFooter-Landscape~ipad.png */,
				54F5143419887D970068372E /* MGWUAboutFooter-Landscape~iphone.png */,
				54F5143519887D970068372E /* MGWUAboutFooter-Portrait@2x~ipad.png */,
				54F5143619887D970068372E /* MGWUAboutFooter-Portrait@2x~iphone.png */,
				54F5143719887D970068372E /* MGWUAboutFooter-Portrait~ipad.png */,
				54F5143819887D970068372E /* MGWUAboutFooter-Portrait~iphone.png */,
				54F5143919887D970068372E /* MGWUBackground-Landscape@2x~ipad.png */,
				54F5143A19887D970068372E /* MGWUBackground-Landscape@2x~iphone.png */,
				54F5143B19887D970068372E /* MGWUBackground-Landscape~ipad.png */,
				54F5143C19887D970068372E /* MGWUBackground-Landscape~iphone.png */,
				54F5143D19887D970068372E /* MGWUBackground-Portrait@2x~ipad.png */,
				54F5143E19887D970068372E /* MGWUBackground-Portrait@2x~iphone.png */,
				54F5143F19887D970068372E /* MGWUBackground-Portrait~ipad.png */,
				54F5144019887D970068372E /* MGWUBackground-Portrait~iphone.png */,
				54F5144119887D970068372E /* MGWUBackgroundDark-Landscape@2x~ipad.png */,
				54F5144219887D970068372E /* MGWUBackgroundDark-Landscape@2x~iphone.png */,
				54F5144319887D970068372E /* MGWUBackgroundDark-Landscape~ipad.png */,
				54F5144419887D970068372E /* MGWUBackgroundDark-Landscape~iphone.png */,
				54F5144519887D970068372E /* MGWUBackgroundDark-Portrait@2x~ipad.png */,
				54F5144619887D970068372E /* MGWUBackgroundDark-Portrait@2x~iphone.png */,
				54F5144719887D970068372E /* MGWUBackgroundDark-Portrait~ipad.png */,
				54F5144819887D970068372E /* MGWUBackgroundDark-Portrait~iphone.png */,
				54F5144919887D970068372E /* MGWUClose.png */,
				54F5144A19887D970068372E /* MGWUClose@2x.png */,
				54F5144B19887D970068372E /* MGWUFacebookLoginLandscape.nib */,
				54F5144C19887D970068372E /* MGWUFacebookLoginLandscapeDark.nib */,
				54F5144D19887D970068372E /* MGWUFacebookLoginPortrait.nib */,
				54F5144E19887D970068372E /* MGWUFacebookLoginPortraitDark.nib */,
				54F5144F19887D970068372E /* mgwuLogo.png */,
				54F5145019887D970068372E /* mgwuLogo@2x.png */,
				54F5145119887D970068372E /* mgwuLogoDark.png */,
				54F5145219887D970068372E /* mgwuLogoDark@2x.png */,
				54F5145319887D970068372E /* mgwuPlaceholderIcon.png */,
				54F5145419887D970068372E /* mgwuPlaceholderIcon@2x.png */,
				54F5145519887D970068372E /* mgwuPlaceholderIconDark.png */,
				54F5145619887D970068372E /* mgwuPlaceholderIconDark@2x.png */,
				54F5145719887D970068372E /* operator.available.png */,
				54F5145819887D970068372E /* operator.connecting.png */,
				54F5145919887D970068372E /* operator.unavailable.png */,
				54F5145A19887D970068372E /* send-button-active.png */,
				54F5145B19887D970068372E /* send-button-inactive.png */,
				54F5145C19887D970068372E /* send-button-instate.png */,
				54F5145D19887D970068372E /* send-field-landscape.png */,
			);
			path = Resources;
			sourceTree = "<group>";
		};
		623468D319690A890030AC0A /* Scenes */ = {
			isa = PBXGroup;
			children = (
				623468D819690A890030AC0A /* MainScene.h */,
				623468D919690A890030AC0A /* MainScene.m */,
				623468D419690A890030AC0A /* FriendListScene.h */,
				623468D519690A890030AC0A /* FriendListScene.m */,
				54083A87196CDC0F00F1A51C /* GameScene.h */,
				54083A88196CDC0F00F1A51C /* GameScene.m */,
			);
			name = Scenes;
			path = Source/Scenes;
			sourceTree = "<group>";
		};
		623468DE19690A890030AC0A /* TableViewCells */ = {
			isa = PBXGroup;
			children = (
				623468DF19690A890030AC0A /* PlayerCell.h */,
				623468E019690A890030AC0A /* PlayerCell.m */,
				623468E119690A890030AC0A /* SectionCell.h */,
				623468E219690A890030AC0A /* SectionCell.m */,
			);
			name = TableViewCells;
			path = Source/TableViewCells;
			sourceTree = "<group>";
		};
		623468E319690A890030AC0A /* Utils */ = {
			isa = PBXGroup;
			children = (
				623468E619690A890030AC0A /* UserInfo.h */,
				623468E719690A890030AC0A /* UserInfo.m */,
			);
			name = Utils;
			path = Source/Utils;
			sourceTree = "<group>";
		};
		623468E819690A890030AC0A /* UserInterfaceUtils */ = {
			isa = PBXGroup;
			children = (
				623468E919690A890030AC0A /* CCSpriteDownloadImage.h */,
				623468EA19690A890030AC0A /* CCSpriteDownloadImage.m */,
			);
			name = UserInterfaceUtils;
			path = Source/UserInterfaceUtils;
			sourceTree = "<group>";
		};
		9222E2B918734FF800A246C7 /* libs */ = {
			isa = PBXGroup;
			children = (
				B7378940180761A80076A88C /* cocos2d-ios.xcodeproj */,
			);
			name = libs;
			sourceTree = "<group>";
		};
		B737893C1807616C0076A88C /* Source */ = {
			isa = PBXGroup;
			children = (
				623468D319690A890030AC0A /* Scenes */,
				623468DE19690A890030AC0A /* TableViewCells */,
				623468E319690A890030AC0A /* Utils */,
				623468E819690A890030AC0A /* UserInterfaceUtils */,
				B737893D1807617C0076A88C /* AppDelegate.h */,
				B737893E1807617C0076A88C /* AppDelegate.m */,
			);
			name = Source;
			sourceTree = "<group>";
		};
		B7378941180761A80076A88C /* Products */ = {
			isa = PBXGroup;
			children = (
				B737894B180761A90076A88C /* libcocos2d.a */,
			);
			name = Products;
			sourceTree = "<group>";
		};
		B73789911807667A0076A88C /* Icons */ = {
			isa = PBXGroup;
			children = (
				B71F5907188484E7003F4D28 /* iPad-old.png */,
				B71F5908188484E7003F4D28 /* iPad-old@2x.png */,
				B71F5909188484E7003F4D28 /* iPad.png */,
				B71F590A188484E7003F4D28 /* iPad@2x.png */,
				B71F590B188484E7003F4D28 /* iPhone-old.png */,
				B71F590C188484E7003F4D28 /* iPhone-old@2x.png */,
				B71F590D188484E7003F4D28 /* iPhone.png */,
				B71F590E188484E7003F4D28 /* iPhone@2x.png */,
				B71F590F188484E7003F4D28 /* Settings.png */,
				B71F5910188484E7003F4D28 /* Settings@2x.png */,
				B737896B180762440076A88C /* Default-568h@2x.png */,
				B737896D180762440076A88C /* Default.png */,
				B737896E180762440076A88C /* Default@2x.png */,
			);
			name = Icons;
			sourceTree = "<group>";
		};
		B77F1B2517B978D7009739AE = {
			isa = PBXGroup;
			children = (
				B737893C1807616C0076A88C /* Source */,
				B77F1B4617B978D7009739AE /* Resources */,
				9222E2B918734FF800A246C7 /* libs */,
				B77F1CCF17B978D8009739AE /* Supporting Files */,
				B77F1B3017B978D7009739AE /* Frameworks */,
				B77F1B2F17B978D7009739AE /* Products */,
			);
			sourceTree = "<group>";
		};
		B77F1B2F17B978D7009739AE /* Products */ = {
			isa = PBXGroup;
			children = (
				B77F1B2E17B978D7009739AE /* SBMutliplayerTemplate.app */,
			);
			name = Products;
			sourceTree = "<group>";
		};
		B77F1B3017B978D7009739AE /* Frameworks */ = {
			isa = PBXGroup;
			children = (
				549BB1CD19887F4E0078211E /* Security.framework */,
				54F5141519887D970068372E /* mgwuSDK.embeddedframework */,
				54F5141319887D7A0068372E /* libz.dylib */,
				625B9E97194FA67500DB3A3E /* GLKit.framework */,
				624B45BF1940EB3F00A81B57 /* CoreMotion.framework */,
				62468B66192D755600E41128 /* SystemConfiguration.framework */,
				62468B64192D754B00E41128 /* StoreKit.framework */,
				62468B62192D754100E41128 /* Social.framework */,
				62468B5E192D753000E41128 /* MessageUI.framework */,
				B7B3713D180358F1007369CC /* libObjectiveChipmunk.a */,
				B77F1B3117B978D7009739AE /* QuartzCore.framework */,
				B77F1B3317B978D7009739AE /* OpenGLES.framework */,
				B77F1B3517B978D7009739AE /* OpenAL.framework */,
				B77F1B3717B978D7009739AE /* AudioToolbox.framework */,
				B77F1B3917B978D7009739AE /* AVFoundation.framework */,
				B77F1B3B17B978D7009739AE /* UIKit.framework */,
				B77F1B3D17B978D7009739AE /* Foundation.framework */,
				B77F1B3F17B978D7009739AE /* CoreGraphics.framework */,
				B77F1B4117B978D7009739AE /* CoreText.framework */,
			);
			name = Frameworks;
			sourceTree = "<group>";
		};
		B77F1B4617B978D7009739AE /* Resources */ = {
			isa = PBXGroup;
			children = (
				62468B6A192E53B500E41128 /* Info.plist */,
				62468A23192D3FE000E41128 /* ghosty.otf */,
				B73789911807667A0076A88C /* Icons */,
				B737893A180761570076A88C /* Published-iOS */,
			);
			name = Resources;
			path = Source/Resources;
			sourceTree = "<group>";
		};
		B77F1CCF17B978D8009739AE /* Supporting Files */ = {
			isa = PBXGroup;
			children = (
				B73789851807631A0076A88C /* main.m */,
				B73789861807631A0076A88C /* Prefix.pch */,
			);
			name = "Supporting Files";
			sourceTree = "<group>";
		};
/* End PBXGroup section */

/* Begin PBXNativeTarget section */
		B77F1B2D17B978D7009739AE /* MultiplayerTurnBasedGame */ = {
			isa = PBXNativeTarget;
			buildConfigurationList = B77F1CDE17B978D8009739AE /* Build configuration list for PBXNativeTarget "MultiplayerTurnBasedGame" */;
			buildPhases = (
				B77F1B2A17B978D7009739AE /* Sources */,
				B77F1B2B17B978D7009739AE /* Frameworks */,
				B77F1B2C17B978D7009739AE /* Resources */,
			);
			buildRules = (
			);
			dependencies = (
				B7378989180764180076A88C /* PBXTargetDependency */,
			);
			name = MultiplayerTurnBasedGame;
			productName = Example;
			productReference = B77F1B2E17B978D7009739AE /* SBMutliplayerTemplate.app */;
			productType = "com.apple.product-type.application";
		};
/* End PBXNativeTarget section */

/* Begin PBXProject section */
		B77F1B2617B978D7009739AE /* Project object */ = {
			isa = PBXProject;
			attributes = {
				LastUpgradeCheck = 0510;
				ORGANIZATIONNAME = Apportable;
				TargetAttributes = {
					B77F1B2D17B978D7009739AE = {
						DevelopmentTeam = UBXY3JK49V;
						SystemCapabilities = {
							com.apple.GameCenter = {
								enabled = 0;
							};
						};
					};
				};
			};
			buildConfigurationList = B77F1B2917B978D7009739AE /* Build configuration list for PBXProject "MultiplayerTurnBasedGame" */;
			compatibilityVersion = "Xcode 3.2";
			developmentRegion = English;
			hasScannedForEncodings = 0;
			knownRegions = (
				en,
			);
			mainGroup = B77F1B2517B978D7009739AE;
			productRefGroup = B77F1B2F17B978D7009739AE /* Products */;
			projectDirPath = "";
			projectReferences = (
				{
					ProductGroup = B7378941180761A80076A88C /* Products */;
					ProjectRef = B7378940180761A80076A88C /* cocos2d-ios.xcodeproj */;
				},
			);
			projectRoot = "";
			targets = (
				B77F1B2D17B978D7009739AE /* MultiplayerTurnBasedGame */,
			);
		};
/* End PBXProject section */

/* Begin PBXReferenceProxy section */
		B737894B180761A90076A88C /* libcocos2d.a */ = {
			isa = PBXReferenceProxy;
			fileType = archive.ar;
			path = libcocos2d.a;
			remoteRef = B737894A180761A90076A88C /* PBXContainerItemProxy */;
			sourceTree = BUILT_PRODUCTS_DIR;
		};
/* End PBXReferenceProxy section */

/* Begin PBXResourcesBuildPhase section */
		B77F1B2C17B978D7009739AE /* Resources */ = {
			isa = PBXResourcesBuildPhase;
			buildActionMask = 2147483647;
			files = (
				54F5146C19887D980068372E /* FBNoThanksButtonPressed@2x.png in Resources */,
				54F514A419887D980068372E /* send-field-landscape.png in Resources */,
				54F5149A19887D980068372E /* mgwuPlaceholderIcon.png in Resources */,
				54F514A319887D980068372E /* send-button-instate.png in Resources */,
				B71F5919188484E7003F4D28 /* Settings.png in Resources */,
				54F5147419887D980068372E /* mgwu-gk-notification@2x.png in Resources */,
				54F5148319887D980068372E /* MGWUBackground-Landscape~iphone.png in Resources */,
				54F5146519887D980068372E /* FBLoginButton.png in Resources */,
				54F5149119887D980068372E /* MGWUClose@2x.png in Resources */,
				B7378978180762440076A88C /* Default@2x.png in Resources */,
				54F5149219887D980068372E /* MGWUFacebookLoginLandscape.nib in Resources */,
				B71F5914188484E7003F4D28 /* iPad@2x.png in Resources */,
				54F5146219887D980068372E /* FacebookIcon.png in Resources */,
				54F5145F19887D980068372E /* aqua.png in Resources */,
				54F5148419887D980068372E /* MGWUBackground-Portrait@2x~ipad.png in Resources */,
				54F5149C19887D980068372E /* mgwuPlaceholderIconDark.png in Resources */,
				B71F5913188484E7003F4D28 /* iPad.png in Resources */,
				B71F5912188484E7003F4D28 /* iPad-old@2x.png in Resources */,
				54F5146819887D980068372E /* FBLoginButtonPressed@2x.png in Resources */,
				54F5147F19887D980068372E /* MGWUAboutFooter-Portrait~iphone.png in Resources */,
				54F5148619887D980068372E /* MGWUBackground-Portrait~ipad.png in Resources */,
				54F5146419887D980068372E /* fb_connect.png in Resources */,
				54F5148919887D980068372E /* MGWUBackgroundDark-Landscape@2x~iphone.png in Resources */,
				54F5147719887D980068372E /* MGWUAboutFooter-Landscape-568h@2x~iphone.png in Resources */,
				54F5149519887D980068372E /* MGWUFacebookLoginPortraitDark.nib in Resources */,
				54F5148819887D980068372E /* MGWUBackgroundDark-Landscape@2x~ipad.png in Resources */,
				54F5146E19887D980068372E /* grey-background.png in Resources */,
				54F5147D19887D980068372E /* MGWUAboutFooter-Portrait@2x~iphone.png in Resources */,
				54F5147619887D980068372E /* mgwu-m@2x.png in Resources */,
				54F5149419887D980068372E /* MGWUFacebookLoginPortrait.nib in Resources */,
				54F5149F19887D980068372E /* operator.connecting.png in Resources */,
				54F5148A19887D980068372E /* MGWUBackgroundDark-Landscape~ipad.png in Resources */,
				54F514A219887D980068372E /* send-button-inactive.png in Resources */,
				54F5149319887D980068372E /* MGWUFacebookLoginLandscapeDark.nib in Resources */,
				54F5146A19887D980068372E /* FBNoThanksButton@2x.png in Resources */,
				54F5149D19887D980068372E /* mgwuPlaceholderIconDark@2x.png in Resources */,
				B71F5916188484E7003F4D28 /* iPhone-old@2x.png in Resources */,
				54F5146619887D980068372E /* FBLoginButton@2x.png in Resources */,
				B737893B180761570076A88C /* Published-iOS in Resources */,
				54F5148D19887D980068372E /* MGWUBackgroundDark-Portrait@2x~iphone.png in Resources */,
				54F514A119887D980068372E /* send-button-active.png in Resources */,
				54F5147A19887D980068372E /* MGWUAboutFooter-Landscape~ipad.png in Resources */,
				54F5147819887D980068372E /* MGWUAboutFooter-Landscape@2x~ipad.png in Resources */,
				54F5148F19887D980068372E /* MGWUBackgroundDark-Portrait~iphone.png in Resources */,
				B71F591A188484E7003F4D28 /* Settings@2x.png in Resources */,
				B71F5915188484E7003F4D28 /* iPhone-old.png in Resources */,
				54F5147519887D980068372E /* mgwu-m.png in Resources */,
				54F5148119887D980068372E /* MGWUBackground-Landscape@2x~iphone.png in Resources */,
				54F5149819887D980068372E /* mgwuLogoDark.png in Resources */,
				54F5148219887D980068372E /* MGWUBackground-Landscape~ipad.png in Resources */,
				54F5147919887D980068372E /* MGWUAboutFooter-Landscape@2x~iphone.png in Resources */,
				54F5146919887D980068372E /* FBNoThanksButton.png in Resources */,
				54F5147019887D980068372E /* hipmob.send.png in Resources */,
				54F5149019887D980068372E /* MGWUClose.png in Resources */,
				54F514A019887D980068372E /* operator.unavailable.png in Resources */,
				54F5146719887D980068372E /* FBLoginButtonPressed.png in Resources */,
				54F5149E19887D980068372E /* operator.available.png in Resources */,
				54F5146019887D980068372E /* bluechatbubble.png in Resources */,
				54F5147C19887D980068372E /* MGWUAboutFooter-Portrait@2x~ipad.png in Resources */,
				54F5146119887D980068372E /* CrossPromoViewController.nib in Resources */,
				54F5147B19887D980068372E /* MGWUAboutFooter-Landscape~iphone.png in Resources */,
				54F5146F19887D980068372E /* hipmob.back.btn.png in Resources */,
				B71F5917188484E7003F4D28 /* iPhone.png in Resources */,
				B7378975180762440076A88C /* Default-568h@2x.png in Resources */,
				54F5149719887D980068372E /* mgwuLogo@2x.png in Resources */,
				54F5149919887D980068372E /* mgwuLogoDark@2x.png in Resources */,
				54F5148E19887D980068372E /* MGWUBackgroundDark-Portrait~ipad.png in Resources */,
				54F5148B19887D980068372E /* MGWUBackgroundDark-Landscape~iphone.png in Resources */,
				54F5147E19887D980068372E /* MGWUAboutFooter-Portrait~ipad.png in Resources */,
				54F5148C19887D980068372E /* MGWUBackgroundDark-Portrait@2x~ipad.png in Resources */,
				54F5147319887D980068372E /* mgwu-gk-notification.png in Resources */,
				54F5148519887D980068372E /* MGWUBackground-Portrait@2x~iphone.png in Resources */,
				54F5149B19887D980068372E /* mgwuPlaceholderIcon@2x.png in Resources */,
				54F5146B19887D980068372E /* FBNoThanksButtonPressed.png in Resources */,
				B71F5918188484E7003F4D28 /* iPhone@2x.png in Resources */,
				B7378977180762440076A88C /* Default.png in Resources */,
				54F5148719887D980068372E /* MGWUBackground-Portrait~iphone.png in Resources */,
				B71F5911188484E7003F4D28 /* iPad-old.png in Resources */,
				54F5146D19887D980068372E /* green.png in Resources */,
				54F5149619887D980068372E /* mgwuLogo.png in Resources */,
				54F5147219887D980068372E /* hipmobsend_field@2x.png in Resources */,
				54F5148019887D980068372E /* MGWUBackground-Landscape@2x~ipad.png in Resources */,
				54F5146319887D980068372E /* FacebookSDKResources.bundle in Resources */,
				62468A24192D3FE000E41128 /* ghosty.otf in Resources */,
				54F5147119887D980068372E /* hipmobsend_field.png in Resources */,
			);
			runOnlyForDeploymentPostprocessing = 0;
		};
/* End PBXResourcesBuildPhase section */

/* Begin PBXSourcesBuildPhase section */
		B77F1B2A17B978D7009739AE /* Sources */ = {
			isa = PBXSourcesBuildPhase;
			buildActionMask = 2147483647;
			files = (
				623468ED19690A890030AC0A /* FriendListScene.m in Sources */,
				623468F319690A890030AC0A /* SectionCell.m in Sources */,
				623468EF19690A890030AC0A /* MainScene.m in Sources */,
				623468F219690A890030AC0A /* PlayerCell.m in Sources */,
				B737893F1807617C0076A88C /* AppDelegate.m in Sources */,
				623468F519690A890030AC0A /* UserInfo.m in Sources */,
				54083A89196CDC0F00F1A51C /* GameScene.m in Sources */,
				623468F619690A890030AC0A /* CCSpriteDownloadImage.m in Sources */,
				B73789871807631A0076A88C /* main.m in Sources */,
			);
			runOnlyForDeploymentPostprocessing = 0;
		};
/* End PBXSourcesBuildPhase section */

/* Begin PBXTargetDependency section */
		B7378989180764180076A88C /* PBXTargetDependency */ = {
			isa = PBXTargetDependency;
			name = cocos2d;
			targetProxy = B7378988180764180076A88C /* PBXContainerItemProxy */;
		};
/* End PBXTargetDependency section */

/* Begin XCBuildConfiguration section */
		B77F1CDC17B978D8009739AE /* Debug */ = {
			isa = XCBuildConfiguration;
			buildSettings = {
				CLANG_WARN_BOOL_CONVERSION = YES;
				CLANG_WARN_CONSTANT_CONVERSION = YES;
				CLANG_WARN_EMPTY_BODY = YES;
				CLANG_WARN_ENUM_CONVERSION = YES;
				CLANG_WARN_INT_CONVERSION = YES;
				CLANG_WARN__DUPLICATE_METHOD_MATCH = YES;
				"CODE_SIGN_IDENTITY[sdk=iphoneos*]" = "iPhone Developer";
				GCC_C_LANGUAGE_STANDARD = gnu99;
				GCC_OPTIMIZATION_LEVEL = 0;
				GCC_PREPROCESSOR_DEFINITIONS = (
					DEBUG,
					"COCOS2D_DEBUG=1",
				);
				GCC_SYMBOLS_PRIVATE_EXTERN = NO;
				GCC_VERSION = com.apple.compilers.llvm.clang.1_0;
				GCC_WARN_64_TO_32_BIT_CONVERSION = YES;
				GCC_WARN_ABOUT_RETURN_TYPE = YES;
				GCC_WARN_UNDECLARED_SELECTOR = YES;
				GCC_WARN_UNINITIALIZED_AUTOS = YES;
				GCC_WARN_UNUSED_FUNCTION = YES;
				GCC_WARN_UNUSED_VARIABLE = YES;
				IPHONEOS_DEPLOYMENT_TARGET = 4.0;
				ONLY_ACTIVE_ARCH = YES;
				SDKROOT = iphoneos;
				TARGETED_DEVICE_FAMILY = "1,2";
			};
			name = Debug;
		};
		B77F1CDD17B978D8009739AE /* Release */ = {
			isa = XCBuildConfiguration;
			buildSettings = {
				CLANG_WARN_BOOL_CONVERSION = YES;
				CLANG_WARN_CONSTANT_CONVERSION = YES;
				CLANG_WARN_EMPTY_BODY = YES;
				CLANG_WARN_ENUM_CONVERSION = YES;
				CLANG_WARN_INT_CONVERSION = YES;
				CLANG_WARN__DUPLICATE_METHOD_MATCH = YES;
				"CODE_SIGN_IDENTITY[sdk=iphoneos*]" = "iPhone Developer";
				GCC_C_LANGUAGE_STANDARD = gnu99;
				GCC_PREPROCESSOR_DEFINITIONS = (
					NDEBUG,
					"NS_BLOCK_ASSERTIONS=1",
				);
				GCC_VERSION = com.apple.compilers.llvm.clang.1_0;
				GCC_WARN_64_TO_32_BIT_CONVERSION = YES;
				GCC_WARN_ABOUT_RETURN_TYPE = YES;
				GCC_WARN_UNDECLARED_SELECTOR = YES;
				GCC_WARN_UNINITIALIZED_AUTOS = YES;
				GCC_WARN_UNUSED_FUNCTION = YES;
				GCC_WARN_UNUSED_VARIABLE = YES;
				IPHONEOS_DEPLOYMENT_TARGET = 4.0;
				SDKROOT = iphoneos;
				TARGETED_DEVICE_FAMILY = "1,2";
			};
			name = Release;
		};
		B77F1CDF17B978D8009739AE /* Debug */ = {
			isa = XCBuildConfiguration;
			buildSettings = {
				ALWAYS_SEARCH_USER_PATHS = NO;
				ARCHS = "$(ARCHS_STANDARD_32_BIT)";
				CLANG_ENABLE_OBJC_ARC = YES;
				CODE_SIGN_IDENTITY = "iPhone Developer";
				"CODE_SIGN_IDENTITY[sdk=iphoneos*]" = "iPhone Developer";
				COPY_PHASE_STRIP = NO;
				DEBUG_INFORMATION_FORMAT = dwarf;
				FRAMEWORK_SEARCH_PATHS = (
					"$(inherited)",
					"$(PROJECT_DIR)/mgwuSDK.embeddedframework",
					"/Users/Ashu/Desktop/makegameswithus/MultiplayerTurnBasedGame-SpriteBuilder/MultiplayerTurnBasedGame.spritebuilder/mgwuSDK.embeddedframework",
				);
				GCC_DYNAMIC_NO_PIC = NO;
				GCC_PRECOMPILE_PREFIX_HEADER = YES;
				GCC_PREFIX_HEADER = Source/Prefix.pch;
				HEADER_SEARCH_PATHS = (
					"\"Source/libs/cocos2d-iphone/external/kazmath/include\"/**",
					"\"Source/libs/cocos2d-iphone/cocos2d\"/**",
					"Source/libs/cocos2d-iphone/external/Chipmunk/objectivec/include",
					"Source/libs/cocos2d-iphone/external/Chipmunk/include",
					"\"Source/libs/cocos2d-iphone/cocos2d-ui\"/**",
					"\"Source/libs/cocos2d-iphone/external/ObjectAL\"/**",
				);
				INFOPLIST_FILE = Source/Resources/Info.plist;
				IPHONEOS_DEPLOYMENT_TARGET = 6.0;
				ONLY_ACTIVE_ARCH = YES;
				OTHER_LDFLAGS = (
					"-lz",
					"-lsqlite3",
					"-ObjC",
				);
				PRODUCT_NAME = SBMutliplayerTemplate;
				PROVISIONING_PROFILE = "";
				TARGETED_DEVICE_FAMILY = 1;
				VALID_ARCHS = "arm7 armv7s i386 armv7";
				WRAPPER_EXTENSION = app;
			};
			name = Debug;
		};
		B77F1CE017B978D8009739AE /* Release */ = {
			isa = XCBuildConfiguration;
			buildSettings = {
				ALWAYS_SEARCH_USER_PATHS = NO;
				ARCHS = "$(ARCHS_STANDARD_32_BIT)";
				CLANG_ENABLE_OBJC_ARC = YES;
				CODE_SIGN_IDENTITY = "iPhone Developer";
				"CODE_SIGN_IDENTITY[sdk=iphoneos*]" = "iPhone Developer";
				COPY_PHASE_STRIP = YES;
				DEBUG_INFORMATION_FORMAT = dwarf;
				FRAMEWORK_SEARCH_PATHS = (
					"$(inherited)",
					"$(PROJECT_DIR)/mgwuSDK.embeddedframework",
					"/Users/Ashu/Desktop/makegameswithus/MultiplayerTurnBasedGame-SpriteBuilder/MultiplayerTurnBasedGame.spritebuilder/mgwuSDK.embeddedframework",
				);
				GCC_PRECOMPILE_PREFIX_HEADER = YES;
				GCC_PREFIX_HEADER = Source/Prefix.pch;
				HEADER_SEARCH_PATHS = (
					"\"Source/libs/cocos2d-iphone/external/kazmath/include\"/**",
					"\"Source/libs/cocos2d-iphone/cocos2d\"/**",
					"Source/libs/cocos2d-iphone/external/Chipmunk/objectivec/include",
					"Source/libs/cocos2d-iphone/external/Chipmunk/include",
					"\"Source/libs/cocos2d-iphone/cocos2d-ui\"/**",
					"\"Source/libs/cocos2d-iphone/external/ObjectAL\"/**",
				);
				INFOPLIST_FILE = Source/Resources/Info.plist;
				IPHONEOS_DEPLOYMENT_TARGET = 6.0;
				OTHER_LDFLAGS = (
					"-lz",
					"-lsqlite3",
					"-ObjC",
				);
				PRODUCT_NAME = SBMutliplayerTemplate;
				PROVISIONING_PROFILE = "";
				TARGETED_DEVICE_FAMILY = 1;
				VALIDATE_PRODUCT = YES;
				VALID_ARCHS = "arm7 armv7s i386 armv7";
				WRAPPER_EXTENSION = app;
			};
			name = Release;
		};
/* End XCBuildConfiguration section */

/* Begin XCConfigurationList section */
		B77F1B2917B978D7009739AE /* Build configuration list for PBXProject "MultiplayerTurnBasedGame" */ = {
			isa = XCConfigurationList;
			buildConfigurations = (
				B77F1CDC17B978D8009739AE /* Debug */,
				B77F1CDD17B978D8009739AE /* Release */,
			);
			defaultConfigurationIsVisible = 0;
			defaultConfigurationName = Release;
		};
		B77F1CDE17B978D8009739AE /* Build configuration list for PBXNativeTarget "MultiplayerTurnBasedGame" */ = {
			isa = XCConfigurationList;
			buildConfigurations = (
				B77F1CDF17B978D8009739AE /* Debug */,
				B77F1CE017B978D8009739AE /* Release */,
			);
			defaultConfigurationIsVisible = 0;
			defaultConfigurationName = Release;
		};
/* End XCConfigurationList section */
	};
	rootObject = B77F1B2617B978D7009739AE /* Project object */;
}
