// !$*UTF8*$!
{
	archiveVersion = 1;
	classes = {
	};
	objectVersion = 46;
	objects = {

/* Begin PBXBuildFile section */
		624331AD1951293800EAB009 /* SectionCell.m in Sources */ = {isa = PBXBuildFile; fileRef = 624331AC1951293800EAB009 /* SectionCell.m */; };
		62468A24192D3FE000E41128 /* ghosty.otf in Resources */ = {isa = PBXBuildFile; fileRef = 62468A23192D3FE000E41128 /* ghosty.otf */; };
		62468AC3192D6EEE00E41128 /* PlayerCell.m in Sources */ = {isa = PBXBuildFile; fileRef = 62468AC2192D6EEE00E41128 /* PlayerCell.m */; };
		62468B55192D74C800E41128 /* Accounts.framework in Frameworks */ = {isa = PBXBuildFile; fileRef = 62468B54192D74C800E41128 /* Accounts.framework */; };
		62468B57192D74CF00E41128 /* AdSupport.framework in Frameworks */ = {isa = PBXBuildFile; fileRef = 62468B56192D74CF00E41128 /* AdSupport.framework */; };
		62468B59192D74DA00E41128 /* CFNetwork.framework in Frameworks */ = {isa = PBXBuildFile; fileRef = 62468B58192D74DA00E41128 /* CFNetwork.framework */; };
		62468B5B192D74E000E41128 /* CoreTelephony.framework in Frameworks */ = {isa = PBXBuildFile; fileRef = 62468B5A192D74E000E41128 /* CoreTelephony.framework */; };
		62468B5D192D74EA00E41128 /* libicucore.dylib in Frameworks */ = {isa = PBXBuildFile; fileRef = 62468B5C192D74EA00E41128 /* libicucore.dylib */; };
		62468B5F192D753000E41128 /* MessageUI.framework in Frameworks */ = {isa = PBXBuildFile; fileRef = 62468B5E192D753000E41128 /* MessageUI.framework */; };
		62468B61192D753B00E41128 /* Security.framework in Frameworks */ = {isa = PBXBuildFile; fileRef = 62468B60192D753B00E41128 /* Security.framework */; };
		62468B63192D754100E41128 /* Social.framework in Frameworks */ = {isa = PBXBuildFile; fileRef = 62468B62192D754100E41128 /* Social.framework */; };
		62468B65192D754B00E41128 /* StoreKit.framework in Frameworks */ = {isa = PBXBuildFile; fileRef = 62468B64192D754B00E41128 /* StoreKit.framework */; };
		62468B67192D755600E41128 /* SystemConfiguration.framework in Frameworks */ = {isa = PBXBuildFile; fileRef = 62468B66192D755600E41128 /* SystemConfiguration.framework */; };
		62468B69192D756200E41128 /* Twitter.framework in Frameworks */ = {isa = PBXBuildFile; fileRef = 62468B68192D756200E41128 /* Twitter.framework */; };
		624B45731940E90400A81B57 /* mgwuSDK.framework in Frameworks */ = {isa = PBXBuildFile; fileRef = 624B452A1940E90300A81B57 /* mgwuSDK.framework */; };
		624B45841940E90400A81B57 /* hipmob.back.btn.png in Resources */ = {isa = PBXBuildFile; fileRef = 624B453C1940E90400A81B57 /* hipmob.back.btn.png */; };
		624B45A61940E90400A81B57 /* MGWUClose@2x.png in Resources */ = {isa = PBXBuildFile; fileRef = 624B455E1940E90400A81B57 /* MGWUClose@2x.png */; };
		624B45B51940E90400A81B57 /* operator.unavailable.png in Resources */ = {isa = PBXBuildFile; fileRef = 624B456D1940E90400A81B57 /* operator.unavailable.png */; };
		624B45BA1940E90400A81B57 /* TapjoyResources.bundle in Resources */ = {isa = PBXBuildFile; fileRef = 624B45721940E90400A81B57 /* TapjoyResources.bundle */; };
		624B45BC1940EACA00A81B57 /* MediaPlayer.framework in Frameworks */ = {isa = PBXBuildFile; fileRef = 624B45BB1940EACA00A81B57 /* MediaPlayer.framework */; };
		624B45BE1940EAE800A81B57 /* CoreLocation.framework in Frameworks */ = {isa = PBXBuildFile; fileRef = 624B45BD1940EAE800A81B57 /* CoreLocation.framework */; };
		624B45C01940EB3F00A81B57 /* CoreMotion.framework in Frameworks */ = {isa = PBXBuildFile; fileRef = 624B45BF1940EB3F00A81B57 /* CoreMotion.framework */; };
		624B45C21940EB5E00A81B57 /* EventKit.framework in Frameworks */ = {isa = PBXBuildFile; fileRef = 624B45C11940EB5E00A81B57 /* EventKit.framework */; };
		624B466619412FBC00A81B57 /* aqua.png in Resources */ = {isa = PBXBuildFile; fileRef = 624B452C1940E90300A81B57 /* aqua.png */; };
		624B466719412FBC00A81B57 /* bluechatbubble.png in Resources */ = {isa = PBXBuildFile; fileRef = 624B452D1940E90300A81B57 /* bluechatbubble.png */; };
		624B466819412FBC00A81B57 /* CrossPromoViewController.nib in Resources */ = {isa = PBXBuildFile; fileRef = 624B452E1940E90400A81B57 /* CrossPromoViewController.nib */; };
		624B466919412FBC00A81B57 /* FacebookIcon.png in Resources */ = {isa = PBXBuildFile; fileRef = 624B452F1940E90400A81B57 /* FacebookIcon.png */; };
		624B466A19412FBC00A81B57 /* FacebookSDKResources.bundle in Resources */ = {isa = PBXBuildFile; fileRef = 624B45301940E90400A81B57 /* FacebookSDKResources.bundle */; };
		624B466B19412FBC00A81B57 /* fb_connect.png in Resources */ = {isa = PBXBuildFile; fileRef = 624B45311940E90400A81B57 /* fb_connect.png */; };
		624B466C19412FBC00A81B57 /* FBLoginButton.png in Resources */ = {isa = PBXBuildFile; fileRef = 624B45321940E90400A81B57 /* FBLoginButton.png */; };
		624B466D19412FBC00A81B57 /* FBLoginButton@2x.png in Resources */ = {isa = PBXBuildFile; fileRef = 624B45331940E90400A81B57 /* FBLoginButton@2x.png */; };
		624B466E19412FBC00A81B57 /* FBLoginButtonPressed.png in Resources */ = {isa = PBXBuildFile; fileRef = 624B45341940E90400A81B57 /* FBLoginButtonPressed.png */; };
		624B466F19412FBC00A81B57 /* FBLoginButtonPressed@2x.png in Resources */ = {isa = PBXBuildFile; fileRef = 624B45351940E90400A81B57 /* FBLoginButtonPressed@2x.png */; };
		624B467019412FBC00A81B57 /* FBNoThanksButton.png in Resources */ = {isa = PBXBuildFile; fileRef = 624B45361940E90400A81B57 /* FBNoThanksButton.png */; };
		624B467119412FBC00A81B57 /* FBNoThanksButton@2x.png in Resources */ = {isa = PBXBuildFile; fileRef = 624B45371940E90400A81B57 /* FBNoThanksButton@2x.png */; };
		624B467219412FBC00A81B57 /* FBNoThanksButtonPressed.png in Resources */ = {isa = PBXBuildFile; fileRef = 624B45381940E90400A81B57 /* FBNoThanksButtonPressed.png */; };
		624B467319412FBC00A81B57 /* FBNoThanksButtonPressed@2x.png in Resources */ = {isa = PBXBuildFile; fileRef = 624B45391940E90400A81B57 /* FBNoThanksButtonPressed@2x.png */; };
		624B467419412FBC00A81B57 /* green.png in Resources */ = {isa = PBXBuildFile; fileRef = 624B453A1940E90400A81B57 /* green.png */; };
		624B467519412FBC00A81B57 /* grey-background.png in Resources */ = {isa = PBXBuildFile; fileRef = 624B453B1940E90400A81B57 /* grey-background.png */; };
		624B467619412FBC00A81B57 /* hipmob.send.png in Resources */ = {isa = PBXBuildFile; fileRef = 624B453D1940E90400A81B57 /* hipmob.send.png */; };
		624B467719412FBC00A81B57 /* hipmobsend_field.png in Resources */ = {isa = PBXBuildFile; fileRef = 624B453E1940E90400A81B57 /* hipmobsend_field.png */; };
		624B467819412FBC00A81B57 /* hipmobsend_field@2x.png in Resources */ = {isa = PBXBuildFile; fileRef = 624B453F1940E90400A81B57 /* hipmobsend_field@2x.png */; };
		624B467919412FBC00A81B57 /* mgwu-gk-notification.png in Resources */ = {isa = PBXBuildFile; fileRef = 624B45401940E90400A81B57 /* mgwu-gk-notification.png */; };
		624B467A19412FBC00A81B57 /* mgwu-gk-notification@2x.png in Resources */ = {isa = PBXBuildFile; fileRef = 624B45411940E90400A81B57 /* mgwu-gk-notification@2x.png */; };
		624B467B19412FBC00A81B57 /* mgwu-m.png in Resources */ = {isa = PBXBuildFile; fileRef = 624B45421940E90400A81B57 /* mgwu-m.png */; };
		624B467C19412FBC00A81B57 /* mgwu-m@2x.png in Resources */ = {isa = PBXBuildFile; fileRef = 624B45431940E90400A81B57 /* mgwu-m@2x.png */; };
		624B467D19412FBC00A81B57 /* MGWUAboutFooter-Landscape-568h@2x~iphone.png in Resources */ = {isa = PBXBuildFile; fileRef = 624B45441940E90400A81B57 /* MGWUAboutFooter-Landscape-568h@2x~iphone.png */; };
		624B467E19412FBC00A81B57 /* MGWUAboutFooter-Landscape@2x~ipad.png in Resources */ = {isa = PBXBuildFile; fileRef = 624B45451940E90400A81B57 /* MGWUAboutFooter-Landscape@2x~ipad.png */; };
		624B467F19412FBC00A81B57 /* MGWUAboutFooter-Landscape@2x~iphone.png in Resources */ = {isa = PBXBuildFile; fileRef = 624B45461940E90400A81B57 /* MGWUAboutFooter-Landscape@2x~iphone.png */; };
		624B468019412FBC00A81B57 /* MGWUAboutFooter-Landscape~ipad.png in Resources */ = {isa = PBXBuildFile; fileRef = 624B45471940E90400A81B57 /* MGWUAboutFooter-Landscape~ipad.png */; };
		624B468119412FBC00A81B57 /* MGWUAboutFooter-Landscape~iphone.png in Resources */ = {isa = PBXBuildFile; fileRef = 624B45481940E90400A81B57 /* MGWUAboutFooter-Landscape~iphone.png */; };
		624B468219412FBC00A81B57 /* MGWUAboutFooter-Portrait@2x~ipad.png in Resources */ = {isa = PBXBuildFile; fileRef = 624B45491940E90400A81B57 /* MGWUAboutFooter-Portrait@2x~ipad.png */; };
		624B468319412FBC00A81B57 /* MGWUAboutFooter-Portrait@2x~iphone.png in Resources */ = {isa = PBXBuildFile; fileRef = 624B454A1940E90400A81B57 /* MGWUAboutFooter-Portrait@2x~iphone.png */; };
		624B468419412FBC00A81B57 /* MGWUAboutFooter-Portrait~ipad.png in Resources */ = {isa = PBXBuildFile; fileRef = 624B454B1940E90400A81B57 /* MGWUAboutFooter-Portrait~ipad.png */; };
		624B468519412FBC00A81B57 /* MGWUAboutFooter-Portrait~iphone.png in Resources */ = {isa = PBXBuildFile; fileRef = 624B454C1940E90400A81B57 /* MGWUAboutFooter-Portrait~iphone.png */; };
		624B468619412FBC00A81B57 /* MGWUBackground-Landscape@2x~ipad.png in Resources */ = {isa = PBXBuildFile; fileRef = 624B454D1940E90400A81B57 /* MGWUBackground-Landscape@2x~ipad.png */; };
		624B468719412FBC00A81B57 /* MGWUBackground-Landscape@2x~iphone.png in Resources */ = {isa = PBXBuildFile; fileRef = 624B454E1940E90400A81B57 /* MGWUBackground-Landscape@2x~iphone.png */; };
		624B468819412FBC00A81B57 /* MGWUBackground-Landscape~ipad.png in Resources */ = {isa = PBXBuildFile; fileRef = 624B454F1940E90400A81B57 /* MGWUBackground-Landscape~ipad.png */; };
		624B468919412FBC00A81B57 /* MGWUBackground-Landscape~iphone.png in Resources */ = {isa = PBXBuildFile; fileRef = 624B45501940E90400A81B57 /* MGWUBackground-Landscape~iphone.png */; };
		624B468A19412FBC00A81B57 /* MGWUBackground-Portrait@2x~ipad.png in Resources */ = {isa = PBXBuildFile; fileRef = 624B45511940E90400A81B57 /* MGWUBackground-Portrait@2x~ipad.png */; };
		624B468B19412FBC00A81B57 /* MGWUBackground-Portrait@2x~iphone.png in Resources */ = {isa = PBXBuildFile; fileRef = 624B45521940E90400A81B57 /* MGWUBackground-Portrait@2x~iphone.png */; };
		624B468C19412FBC00A81B57 /* MGWUBackground-Portrait~ipad.png in Resources */ = {isa = PBXBuildFile; fileRef = 624B45531940E90400A81B57 /* MGWUBackground-Portrait~ipad.png */; };
		624B468D19412FBC00A81B57 /* MGWUBackground-Portrait~iphone.png in Resources */ = {isa = PBXBuildFile; fileRef = 624B45541940E90400A81B57 /* MGWUBackground-Portrait~iphone.png */; };
		624B468E19412FBC00A81B57 /* MGWUBackgroundDark-Landscape@2x~ipad.png in Resources */ = {isa = PBXBuildFile; fileRef = 624B45551940E90400A81B57 /* MGWUBackgroundDark-Landscape@2x~ipad.png */; };
		624B468F19412FBC00A81B57 /* MGWUBackgroundDark-Landscape@2x~iphone.png in Resources */ = {isa = PBXBuildFile; fileRef = 624B45561940E90400A81B57 /* MGWUBackgroundDark-Landscape@2x~iphone.png */; };
		624B469019412FBC00A81B57 /* MGWUBackgroundDark-Landscape~ipad.png in Resources */ = {isa = PBXBuildFile; fileRef = 624B45571940E90400A81B57 /* MGWUBackgroundDark-Landscape~ipad.png */; };
		624B469119412FBC00A81B57 /* MGWUBackgroundDark-Landscape~iphone.png in Resources */ = {isa = PBXBuildFile; fileRef = 624B45581940E90400A81B57 /* MGWUBackgroundDark-Landscape~iphone.png */; };
		624B469219412FBC00A81B57 /* MGWUBackgroundDark-Portrait@2x~ipad.png in Resources */ = {isa = PBXBuildFile; fileRef = 624B45591940E90400A81B57 /* MGWUBackgroundDark-Portrait@2x~ipad.png */; };
		624B469319412FBC00A81B57 /* MGWUBackgroundDark-Portrait@2x~iphone.png in Resources */ = {isa = PBXBuildFile; fileRef = 624B455A1940E90400A81B57 /* MGWUBackgroundDark-Portrait@2x~iphone.png */; };
		624B469419412FBC00A81B57 /* MGWUBackgroundDark-Portrait~ipad.png in Resources */ = {isa = PBXBuildFile; fileRef = 624B455B1940E90400A81B57 /* MGWUBackgroundDark-Portrait~ipad.png */; };
		624B469519412FBC00A81B57 /* MGWUBackgroundDark-Portrait~iphone.png in Resources */ = {isa = PBXBuildFile; fileRef = 624B455C1940E90400A81B57 /* MGWUBackgroundDark-Portrait~iphone.png */; };
		624B469619412FBC00A81B57 /* MGWUClose.png in Resources */ = {isa = PBXBuildFile; fileRef = 624B455D1940E90400A81B57 /* MGWUClose.png */; };
		624B469719412FBC00A81B57 /* MGWUFacebookLoginLandscape.nib in Resources */ = {isa = PBXBuildFile; fileRef = 624B455F1940E90400A81B57 /* MGWUFacebookLoginLandscape.nib */; };
		624B469819412FBC00A81B57 /* MGWUFacebookLoginLandscapeDark.nib in Resources */ = {isa = PBXBuildFile; fileRef = 624B45601940E90400A81B57 /* MGWUFacebookLoginLandscapeDark.nib */; };
		624B469919412FBC00A81B57 /* MGWUFacebookLoginPortrait.nib in Resources */ = {isa = PBXBuildFile; fileRef = 624B45611940E90400A81B57 /* MGWUFacebookLoginPortrait.nib */; };
		624B469A19412FBC00A81B57 /* MGWUFacebookLoginPortraitDark.nib in Resources */ = {isa = PBXBuildFile; fileRef = 624B45621940E90400A81B57 /* MGWUFacebookLoginPortraitDark.nib */; };
		624B469B19412FBC00A81B57 /* mgwuLogo.png in Resources */ = {isa = PBXBuildFile; fileRef = 624B45631940E90400A81B57 /* mgwuLogo.png */; };
		624B469C19412FBC00A81B57 /* mgwuLogo@2x.png in Resources */ = {isa = PBXBuildFile; fileRef = 624B45641940E90400A81B57 /* mgwuLogo@2x.png */; };
		624B469D19412FBC00A81B57 /* mgwuLogoDark.png in Resources */ = {isa = PBXBuildFile; fileRef = 624B45651940E90400A81B57 /* mgwuLogoDark.png */; };
		624B469E19412FBC00A81B57 /* mgwuLogoDark@2x.png in Resources */ = {isa = PBXBuildFile; fileRef = 624B45661940E90400A81B57 /* mgwuLogoDark@2x.png */; };
		624B469F19412FBC00A81B57 /* mgwuPlaceholderIcon.png in Resources */ = {isa = PBXBuildFile; fileRef = 624B45671940E90400A81B57 /* mgwuPlaceholderIcon.png */; };
		624B46A019412FBC00A81B57 /* mgwuPlaceholderIcon@2x.png in Resources */ = {isa = PBXBuildFile; fileRef = 624B45681940E90400A81B57 /* mgwuPlaceholderIcon@2x.png */; };
		624B46A119412FBC00A81B57 /* mgwuPlaceholderIconDark.png in Resources */ = {isa = PBXBuildFile; fileRef = 624B45691940E90400A81B57 /* mgwuPlaceholderIconDark.png */; };
		624B46A219412FBC00A81B57 /* mgwuPlaceholderIconDark@2x.png in Resources */ = {isa = PBXBuildFile; fileRef = 624B456A1940E90400A81B57 /* mgwuPlaceholderIconDark@2x.png */; };
		624B46A319412FBC00A81B57 /* operator.available.png in Resources */ = {isa = PBXBuildFile; fileRef = 624B456B1940E90400A81B57 /* operator.available.png */; };
		624B46A419412FBC00A81B57 /* operator.connecting.png in Resources */ = {isa = PBXBuildFile; fileRef = 624B456C1940E90400A81B57 /* operator.connecting.png */; };
		624B46A519412FBC00A81B57 /* send-button-active.png in Resources */ = {isa = PBXBuildFile; fileRef = 624B456E1940E90400A81B57 /* send-button-active.png */; };
		624B46A619412FBC00A81B57 /* send-button-inactive.png in Resources */ = {isa = PBXBuildFile; fileRef = 624B456F1940E90400A81B57 /* send-button-inactive.png */; };
		624B46A719412FBC00A81B57 /* send-button-instate.png in Resources */ = {isa = PBXBuildFile; fileRef = 624B45701940E90400A81B57 /* send-button-instate.png */; };
		624B46A819412FBC00A81B57 /* send-field-landscape.png in Resources */ = {isa = PBXBuildFile; fileRef = 624B45711940E90400A81B57 /* send-field-landscape.png */; };
		625B9E98194FA67500DB3A3E /* GLKit.framework in Frameworks */ = {isa = PBXBuildFile; fileRef = 625B9E97194FA67500DB3A3E /* GLKit.framework */; };
		625B9E9C1950C6F600DB3A3E /* UserInfo.m in Sources */ = {isa = PBXBuildFile; fileRef = 625B9E9B1950C6F600DB3A3E /* UserInfo.m */; };
		625C13731952730D00FAD9FD /* FriendListScene.m in Sources */ = {isa = PBXBuildFile; fileRef = 625C13721952730D00FAD9FD /* FriendListScene.m */; };
		62C4F43619427DD80047553C /* PreMatchScene.m in Sources */ = {isa = PBXBuildFile; fileRef = 62C4F43519427DD80047553C /* PreMatchScene.m */; };
		62C4F43A19427F9E0047553C /* GameplayScene.m in Sources */ = {isa = PBXBuildFile; fileRef = 62C4F43919427F9E0047553C /* GameplayScene.m */; };
		B71F5911188484E7003F4D28 /* iPad-old.png in Resources */ = {isa = PBXBuildFile; fileRef = B71F5907188484E7003F4D28 /* iPad-old.png */; };
		B71F5912188484E7003F4D28 /* iPad-old@2x.png in Resources */ = {isa = PBXBuildFile; fileRef = B71F5908188484E7003F4D28 /* iPad-old@2x.png */; };
		B71F5913188484E7003F4D28 /* iPad.png in Resources */ = {isa = PBXBuildFile; fileRef = B71F5909188484E7003F4D28 /* iPad.png */; };
		B71F5914188484E7003F4D28 /* iPad@2x.png in Resources */ = {isa = PBXBuildFile; fileRef = B71F590A188484E7003F4D28 /* iPad@2x.png */; };
		B71F5915188484E7003F4D28 /* iPhone-old.png in Resources */ = {isa = PBXBuildFile; fileRef = B71F590B188484E7003F4D28 /* iPhone-old.png */; };
		B71F5916188484E7003F4D28 /* iPhone-old@2x.png in Resources */ = {isa = PBXBuildFile; fileRef = B71F590C188484E7003F4D28 /* iPhone-old@2x.png */; };
		B71F5917188484E7003F4D28 /* iPhone.png in Resources */ = {isa = PBXBuildFile; fileRef = B71F590D188484E7003F4D28 /* iPhone.png */; };
		B71F5918188484E7003F4D28 /* iPhone@2x.png in Resources */ = {isa = PBXBuildFile; fileRef = B71F590E188484E7003F4D28 /* iPhone@2x.png */; };
		B71F5919188484E7003F4D28 /* Settings.png in Resources */ = {isa = PBXBuildFile; fileRef = B71F590F188484E7003F4D28 /* Settings.png */; };
		B71F591A188484E7003F4D28 /* Settings@2x.png in Resources */ = {isa = PBXBuildFile; fileRef = B71F5910188484E7003F4D28 /* Settings@2x.png */; };
		B737893B180761570076A88C /* Published-iOS in Resources */ = {isa = PBXBuildFile; fileRef = B737893A180761570076A88C /* Published-iOS */; };
		B737893F1807617C0076A88C /* AppDelegate.m in Sources */ = {isa = PBXBuildFile; fileRef = B737893E1807617C0076A88C /* AppDelegate.m */; };
		B7378975180762440076A88C /* Default-568h@2x.png in Resources */ = {isa = PBXBuildFile; fileRef = B737896B180762440076A88C /* Default-568h@2x.png */; };
		B7378976180762440076A88C /* Default-Landscape~ipad.png in Resources */ = {isa = PBXBuildFile; fileRef = B737896C180762440076A88C /* Default-Landscape~ipad.png */; };
		B7378977180762440076A88C /* Default.png in Resources */ = {isa = PBXBuildFile; fileRef = B737896D180762440076A88C /* Default.png */; };
		B7378978180762440076A88C /* Default@2x.png in Resources */ = {isa = PBXBuildFile; fileRef = B737896E180762440076A88C /* Default@2x.png */; };
		B73789871807631A0076A88C /* main.m in Sources */ = {isa = PBXBuildFile; fileRef = B73789851807631A0076A88C /* main.m */; };
		B737898A1807642B0076A88C /* libcocos2d.a in Frameworks */ = {isa = PBXBuildFile; fileRef = B737894B180761A90076A88C /* libcocos2d.a */; };
		B7378994180767190076A88C /* MainScene.m in Sources */ = {isa = PBXBuildFile; fileRef = B7378993180767190076A88C /* MainScene.m */; };
		B77F1B3217B978D7009739AE /* QuartzCore.framework in Frameworks */ = {isa = PBXBuildFile; fileRef = B77F1B3117B978D7009739AE /* QuartzCore.framework */; };
		B77F1B3417B978D7009739AE /* OpenGLES.framework in Frameworks */ = {isa = PBXBuildFile; fileRef = B77F1B3317B978D7009739AE /* OpenGLES.framework */; };
		B77F1B3617B978D7009739AE /* OpenAL.framework in Frameworks */ = {isa = PBXBuildFile; fileRef = B77F1B3517B978D7009739AE /* OpenAL.framework */; };
		B77F1B3817B978D7009739AE /* AudioToolbox.framework in Frameworks */ = {isa = PBXBuildFile; fileRef = B77F1B3717B978D7009739AE /* AudioToolbox.framework */; };
		B77F1B3A17B978D7009739AE /* AVFoundation.framework in Frameworks */ = {isa = PBXBuildFile; fileRef = B77F1B3917B978D7009739AE /* AVFoundation.framework */; };
		B77F1B3C17B978D7009739AE /* UIKit.framework in Frameworks */ = {isa = PBXBuildFile; fileRef = B77F1B3B17B978D7009739AE /* UIKit.framework */; };
		B77F1B3E17B978D7009739AE /* Foundation.framework in Frameworks */ = {isa = PBXBuildFile; fileRef = B77F1B3D17B978D7009739AE /* Foundation.framework */; };
		B77F1B4017B978D7009739AE /* CoreGraphics.framework in Frameworks */ = {isa = PBXBuildFile; fileRef = B77F1B3F17B978D7009739AE /* CoreGraphics.framework */; };
		B77F1B4217B978D7009739AE /* CoreText.framework in Frameworks */ = {isa = PBXBuildFile; fileRef = B77F1B4117B978D7009739AE /* CoreText.framework */; };
/* End PBXBuildFile section */

/* Begin PBXContainerItemProxy section */
		B737894A180761A90076A88C /* PBXContainerItemProxy */ = {
			isa = PBXContainerItemProxy;
			containerPortal = B7378940180761A80076A88C /* cocos2d-ios.xcodeproj */;
			proxyType = 2;
			remoteGlobalIDString = 5018F24D0DFDEAC400C013A5;
			remoteInfo = cocos2d;
		};
		B7378988180764180076A88C /* PBXContainerItemProxy */ = {
			isa = PBXContainerItemProxy;
			containerPortal = B7378940180761A80076A88C /* cocos2d-ios.xcodeproj */;
			proxyType = 1;
			remoteGlobalIDString = 5018F24C0DFDEAC400C013A5;
			remoteInfo = cocos2d;
		};
/* End PBXContainerItemProxy section */

/* Begin PBXFileReference section */
		624331AA1951067A00EAB009 /* GameDataUtils.h */ = {isa = PBXFileReference; lastKnownFileType = sourcecode.c.h; name = GameDataUtils.h; path = Source/GameDataUtils.h; sourceTree = "<group>"; };
		624331AB1951293800EAB009 /* SectionCell.h */ = {isa = PBXFileReference; fileEncoding = 4; lastKnownFileType = sourcecode.c.h; name = SectionCell.h; path = Source/SectionCell.h; sourceTree = "<group>"; };
		624331AC1951293800EAB009 /* SectionCell.m */ = {isa = PBXFileReference; fileEncoding = 4; lastKnownFileType = sourcecode.c.objc; name = SectionCell.m; path = Source/SectionCell.m; sourceTree = "<group>"; };
		62468A23192D3FE000E41128 /* ghosty.otf */ = {isa = PBXFileReference; lastKnownFileType = file; path = ghosty.otf; sourceTree = "<group>"; };
		62468AC1192D6EEE00E41128 /* PlayerCell.h */ = {isa = PBXFileReference; fileEncoding = 4; lastKnownFileType = sourcecode.c.h; name = PlayerCell.h; path = Source/PlayerCell.h; sourceTree = "<group>"; };
		62468AC2192D6EEE00E41128 /* PlayerCell.m */ = {isa = PBXFileReference; fileEncoding = 4; lastKnownFileType = sourcecode.c.objc; name = PlayerCell.m; path = Source/PlayerCell.m; sourceTree = "<group>"; };
		62468B54192D74C800E41128 /* Accounts.framework */ = {isa = PBXFileReference; lastKnownFileType = wrapper.framework; name = Accounts.framework; path = System/Library/Frameworks/Accounts.framework; sourceTree = SDKROOT; };
		62468B56192D74CF00E41128 /* AdSupport.framework */ = {isa = PBXFileReference; lastKnownFileType = wrapper.framework; name = AdSupport.framework; path = System/Library/Frameworks/AdSupport.framework; sourceTree = SDKROOT; };
		62468B58192D74DA00E41128 /* CFNetwork.framework */ = {isa = PBXFileReference; lastKnownFileType = wrapper.framework; name = CFNetwork.framework; path = System/Library/Frameworks/CFNetwork.framework; sourceTree = SDKROOT; };
		62468B5A192D74E000E41128 /* CoreTelephony.framework */ = {isa = PBXFileReference; lastKnownFileType = wrapper.framework; name = CoreTelephony.framework; path = System/Library/Frameworks/CoreTelephony.framework; sourceTree = SDKROOT; };
		62468B5C192D74EA00E41128 /* libicucore.dylib */ = {isa = PBXFileReference; lastKnownFileType = "compiled.mach-o.dylib"; name = libicucore.dylib; path = usr/lib/libicucore.dylib; sourceTree = SDKROOT; };
		62468B5E192D753000E41128 /* MessageUI.framework */ = {isa = PBXFileReference; lastKnownFileType = wrapper.framework; name = MessageUI.framework; path = System/Library/Frameworks/MessageUI.framework; sourceTree = SDKROOT; };
		62468B60192D753B00E41128 /* Security.framework */ = {isa = PBXFileReference; lastKnownFileType = wrapper.framework; name = Security.framework; path = System/Library/Frameworks/Security.framework; sourceTree = SDKROOT; };
		62468B62192D754100E41128 /* Social.framework */ = {isa = PBXFileReference; lastKnownFileType = wrapper.framework; name = Social.framework; path = System/Library/Frameworks/Social.framework; sourceTree = SDKROOT; };
		62468B64192D754B00E41128 /* StoreKit.framework */ = {isa = PBXFileReference; lastKnownFileType = wrapper.framework; name = StoreKit.framework; path = System/Library/Frameworks/StoreKit.framework; sourceTree = SDKROOT; };
		62468B66192D755600E41128 /* SystemConfiguration.framework */ = {isa = PBXFileReference; lastKnownFileType = wrapper.framework; name = SystemConfiguration.framework; path = System/Library/Frameworks/SystemConfiguration.framework; sourceTree = SDKROOT; };
		62468B68192D756200E41128 /* Twitter.framework */ = {isa = PBXFileReference; lastKnownFileType = wrapper.framework; name = Twitter.framework; path = System/Library/Frameworks/Twitter.framework; sourceTree = SDKROOT; };
		62468B6A192E53B500E41128 /* Info.plist */ = {isa = PBXFileReference; fileEncoding = 4; lastKnownFileType = text.plist.xml; path = Info.plist; sourceTree = "<group>"; };
		624B452A1940E90300A81B57 /* mgwuSDK.framework */ = {isa = PBXFileReference; lastKnownFileType = wrapper.framework; path = mgwuSDK.framework; sourceTree = "<group>"; };
		624B452C1940E90300A81B57 /* aqua.png */ = {isa = PBXFileReference; lastKnownFileType = image.png; path = aqua.png; sourceTree = "<group>"; };
		624B452D1940E90300A81B57 /* bluechatbubble.png */ = {isa = PBXFileReference; lastKnownFileType = image.png; path = bluechatbubble.png; sourceTree = "<group>"; };
		624B452E1940E90400A81B57 /* CrossPromoViewController.nib */ = {isa = PBXFileReference; lastKnownFileType = file.bplist; path = CrossPromoViewController.nib; sourceTree = "<group>"; };
		624B452F1940E90400A81B57 /* FacebookIcon.png */ = {isa = PBXFileReference; lastKnownFileType = image.png; path = FacebookIcon.png; sourceTree = "<group>"; };
		624B45301940E90400A81B57 /* FacebookSDKResources.bundle */ = {isa = PBXFileReference; lastKnownFileType = "wrapper.plug-in"; path = FacebookSDKResources.bundle; sourceTree = "<group>"; };
		624B45311940E90400A81B57 /* fb_connect.png */ = {isa = PBXFileReference; lastKnownFileType = image.png; path = fb_connect.png; sourceTree = "<group>"; };
		624B45321940E90400A81B57 /* FBLoginButton.png */ = {isa = PBXFileReference; lastKnownFileType = image.png; path = FBLoginButton.png; sourceTree = "<group>"; };
		624B45331940E90400A81B57 /* FBLoginButton@2x.png */ = {isa = PBXFileReference; lastKnownFileType = image.png; path = "FBLoginButton@2x.png"; sourceTree = "<group>"; };
		624B45341940E90400A81B57 /* FBLoginButtonPressed.png */ = {isa = PBXFileReference; lastKnownFileType = image.png; path = FBLoginButtonPressed.png; sourceTree = "<group>"; };
		624B45351940E90400A81B57 /* FBLoginButtonPressed@2x.png */ = {isa = PBXFileReference; lastKnownFileType = image.png; path = "FBLoginButtonPressed@2x.png"; sourceTree = "<group>"; };
		624B45361940E90400A81B57 /* FBNoThanksButton.png */ = {isa = PBXFileReference; lastKnownFileType = image.png; path = FBNoThanksButton.png; sourceTree = "<group>"; };
		624B45371940E90400A81B57 /* FBNoThanksButton@2x.png */ = {isa = PBXFileReference; lastKnownFileType = image.png; path = "FBNoThanksButton@2x.png"; sourceTree = "<group>"; };
		624B45381940E90400A81B57 /* FBNoThanksButtonPressed.png */ = {isa = PBXFileReference; lastKnownFileType = image.png; path = FBNoThanksButtonPressed.png; sourceTree = "<group>"; };
		624B45391940E90400A81B57 /* FBNoThanksButtonPressed@2x.png */ = {isa = PBXFileReference; lastKnownFileType = image.png; path = "FBNoThanksButtonPressed@2x.png"; sourceTree = "<group>"; };
		624B453A1940E90400A81B57 /* green.png */ = {isa = PBXFileReference; lastKnownFileType = image.png; path = green.png; sourceTree = "<group>"; };
		624B453B1940E90400A81B57 /* grey-background.png */ = {isa = PBXFileReference; lastKnownFileType = image.png; path = "grey-background.png"; sourceTree = "<group>"; };
		624B453C1940E90400A81B57 /* hipmob.back.btn.png */ = {isa = PBXFileReference; lastKnownFileType = image.png; path = hipmob.back.btn.png; sourceTree = "<group>"; };
		624B453D1940E90400A81B57 /* hipmob.send.png */ = {isa = PBXFileReference; lastKnownFileType = image.png; path = hipmob.send.png; sourceTree = "<group>"; };
		624B453E1940E90400A81B57 /* hipmobsend_field.png */ = {isa = PBXFileReference; lastKnownFileType = image.png; path = hipmobsend_field.png; sourceTree = "<group>"; };
		624B453F1940E90400A81B57 /* hipmobsend_field@2x.png */ = {isa = PBXFileReference; lastKnownFileType = image.png; path = "hipmobsend_field@2x.png"; sourceTree = "<group>"; };
		624B45401940E90400A81B57 /* mgwu-gk-notification.png */ = {isa = PBXFileReference; lastKnownFileType = image.png; path = "mgwu-gk-notification.png"; sourceTree = "<group>"; };
		624B45411940E90400A81B57 /* mgwu-gk-notification@2x.png */ = {isa = PBXFileReference; lastKnownFileType = image.png; path = "mgwu-gk-notification@2x.png"; sourceTree = "<group>"; };
		624B45421940E90400A81B57 /* mgwu-m.png */ = {isa = PBXFileReference; lastKnownFileType = image.png; path = "mgwu-m.png"; sourceTree = "<group>"; };
		624B45431940E90400A81B57 /* mgwu-m@2x.png */ = {isa = PBXFileReference; lastKnownFileType = image.png; path = "mgwu-m@2x.png"; sourceTree = "<group>"; };
		624B45441940E90400A81B57 /* MGWUAboutFooter-Landscape-568h@2x~iphone.png */ = {isa = PBXFileReference; lastKnownFileType = image.png; path = "MGWUAboutFooter-Landscape-568h@2x~iphone.png"; sourceTree = "<group>"; };
		624B45451940E90400A81B57 /* MGWUAboutFooter-Landscape@2x~ipad.png */ = {isa = PBXFileReference; lastKnownFileType = image.png; path = "MGWUAboutFooter-Landscape@2x~ipad.png"; sourceTree = "<group>"; };
		624B45461940E90400A81B57 /* MGWUAboutFooter-Landscape@2x~iphone.png */ = {isa = PBXFileReference; lastKnownFileType = image.png; path = "MGWUAboutFooter-Landscape@2x~iphone.png"; sourceTree = "<group>"; };
		624B45471940E90400A81B57 /* MGWUAboutFooter-Landscape~ipad.png */ = {isa = PBXFileReference; lastKnownFileType = image.png; path = "MGWUAboutFooter-Landscape~ipad.png"; sourceTree = "<group>"; };
		624B45481940E90400A81B57 /* MGWUAboutFooter-Landscape~iphone.png */ = {isa = PBXFileReference; lastKnownFileType = image.png; path = "MGWUAboutFooter-Landscape~iphone.png"; sourceTree = "<group>"; };
		624B45491940E90400A81B57 /* MGWUAboutFooter-Portrait@2x~ipad.png */ = {isa = PBXFileReference; lastKnownFileType = image.png; path = "MGWUAboutFooter-Portrait@2x~ipad.png"; sourceTree = "<group>"; };
		624B454A1940E90400A81B57 /* MGWUAboutFooter-Portrait@2x~iphone.png */ = {isa = PBXFileReference; lastKnownFileType = image.png; path = "MGWUAboutFooter-Portrait@2x~iphone.png"; sourceTree = "<group>"; };
		624B454B1940E90400A81B57 /* MGWUAboutFooter-Portrait~ipad.png */ = {isa = PBXFileReference; lastKnownFileType = image.png; path = "MGWUAboutFooter-Portrait~ipad.png"; sourceTree = "<group>"; };
		624B454C1940E90400A81B57 /* MGWUAboutFooter-Portrait~iphone.png */ = {isa = PBXFileReference; lastKnownFileType = image.png; path = "MGWUAboutFooter-Portrait~iphone.png"; sourceTree = "<group>"; };
		624B454D1940E90400A81B57 /* MGWUBackground-Landscape@2x~ipad.png */ = {isa = PBXFileReference; lastKnownFileType = image.png; path = "MGWUBackground-Landscape@2x~ipad.png"; sourceTree = "<group>"; };
		624B454E1940E90400A81B57 /* MGWUBackground-Landscape@2x~iphone.png */ = {isa = PBXFileReference; lastKnownFileType = image.png; path = "MGWUBackground-Landscape@2x~iphone.png"; sourceTree = "<group>"; };
		624B454F1940E90400A81B57 /* MGWUBackground-Landscape~ipad.png */ = {isa = PBXFileReference; lastKnownFileType = image.png; path = "MGWUBackground-Landscape~ipad.png"; sourceTree = "<group>"; };
		624B45501940E90400A81B57 /* MGWUBackground-Landscape~iphone.png */ = {isa = PBXFileReference; lastKnownFileType = image.png; path = "MGWUBackground-Landscape~iphone.png"; sourceTree = "<group>"; };
		624B45511940E90400A81B57 /* MGWUBackground-Portrait@2x~ipad.png */ = {isa = PBXFileReference; lastKnownFileType = image.png; path = "MGWUBackground-Portrait@2x~ipad.png"; sourceTree = "<group>"; };
		624B45521940E90400A81B57 /* MGWUBackground-Portrait@2x~iphone.png */ = {isa = PBXFileReference; lastKnownFileType = image.png; path = "MGWUBackground-Portrait@2x~iphone.png"; sourceTree = "<group>"; };
		624B45531940E90400A81B57 /* MGWUBackground-Portrait~ipad.png */ = {isa = PBXFileReference; lastKnownFileType = image.png; path = "MGWUBackground-Portrait~ipad.png"; sourceTree = "<group>"; };
		624B45541940E90400A81B57 /* MGWUBackground-Portrait~iphone.png */ = {isa = PBXFileReference; lastKnownFileType = image.png; path = "MGWUBackground-Portrait~iphone.png"; sourceTree = "<group>"; };
		624B45551940E90400A81B57 /* MGWUBackgroundDark-Landscape@2x~ipad.png */ = {isa = PBXFileReference; lastKnownFileType = image.png; path = "MGWUBackgroundDark-Landscape@2x~ipad.png"; sourceTree = "<group>"; };
		624B45561940E90400A81B57 /* MGWUBackgroundDark-Landscape@2x~iphone.png */ = {isa = PBXFileReference; lastKnownFileType = image.png; path = "MGWUBackgroundDark-Landscape@2x~iphone.png"; sourceTree = "<group>"; };
		624B45571940E90400A81B57 /* MGWUBackgroundDark-Landscape~ipad.png */ = {isa = PBXFileReference; lastKnownFileType = image.png; path = "MGWUBackgroundDark-Landscape~ipad.png"; sourceTree = "<group>"; };
		624B45581940E90400A81B57 /* MGWUBackgroundDark-Landscape~iphone.png */ = {isa = PBXFileReference; lastKnownFileType = image.png; path = "MGWUBackgroundDark-Landscape~iphone.png"; sourceTree = "<group>"; };
		624B45591940E90400A81B57 /* MGWUBackgroundDark-Portrait@2x~ipad.png */ = {isa = PBXFileReference; lastKnownFileType = image.png; path = "MGWUBackgroundDark-Portrait@2x~ipad.png"; sourceTree = "<group>"; };
		624B455A1940E90400A81B57 /* MGWUBackgroundDark-Portrait@2x~iphone.png */ = {isa = PBXFileReference; lastKnownFileType = image.png; path = "MGWUBackgroundDark-Portrait@2x~iphone.png"; sourceTree = "<group>"; };
		624B455B1940E90400A81B57 /* MGWUBackgroundDark-Portrait~ipad.png */ = {isa = PBXFileReference; lastKnownFileType = image.png; path = "MGWUBackgroundDark-Portrait~ipad.png"; sourceTree = "<group>"; };
		624B455C1940E90400A81B57 /* MGWUBackgroundDark-Portrait~iphone.png */ = {isa = PBXFileReference; lastKnownFileType = image.png; path = "MGWUBackgroundDark-Portrait~iphone.png"; sourceTree = "<group>"; };
		624B455D1940E90400A81B57 /* MGWUClose.png */ = {isa = PBXFileReference; lastKnownFileType = image.png; path = MGWUClose.png; sourceTree = "<group>"; };
		624B455E1940E90400A81B57 /* MGWUClose@2x.png */ = {isa = PBXFileReference; lastKnownFileType = image.png; path = "MGWUClose@2x.png"; sourceTree = "<group>"; };
		624B455F1940E90400A81B57 /* MGWUFacebookLoginLandscape.nib */ = {isa = PBXFileReference; lastKnownFileType = file.bplist; path = MGWUFacebookLoginLandscape.nib; sourceTree = "<group>"; };
		624B45601940E90400A81B57 /* MGWUFacebookLoginLandscapeDark.nib */ = {isa = PBXFileReference; lastKnownFileType = file.bplist; path = MGWUFacebookLoginLandscapeDark.nib; sourceTree = "<group>"; };
		624B45611940E90400A81B57 /* MGWUFacebookLoginPortrait.nib */ = {isa = PBXFileReference; lastKnownFileType = file.bplist; path = MGWUFacebookLoginPortrait.nib; sourceTree = "<group>"; };
		624B45621940E90400A81B57 /* MGWUFacebookLoginPortraitDark.nib */ = {isa = PBXFileReference; lastKnownFileType = file.bplist; path = MGWUFacebookLoginPortraitDark.nib; sourceTree = "<group>"; };
		624B45631940E90400A81B57 /* mgwuLogo.png */ = {isa = PBXFileReference; lastKnownFileType = image.png; path = mgwuLogo.png; sourceTree = "<group>"; };
		624B45641940E90400A81B57 /* mgwuLogo@2x.png */ = {isa = PBXFileReference; lastKnownFileType = image.png; path = "mgwuLogo@2x.png"; sourceTree = "<group>"; };
		624B45651940E90400A81B57 /* mgwuLogoDark.png */ = {isa = PBXFileReference; lastKnownFileType = image.png; path = mgwuLogoDark.png; sourceTree = "<group>"; };
		624B45661940E90400A81B57 /* mgwuLogoDark@2x.png */ = {isa = PBXFileReference; lastKnownFileType = image.png; path = "mgwuLogoDark@2x.png"; sourceTree = "<group>"; };
		624B45671940E90400A81B57 /* mgwuPlaceholderIcon.png */ = {isa = PBXFileReference; lastKnownFileType = image.png; path = mgwuPlaceholderIcon.png; sourceTree = "<group>"; };
		624B45681940E90400A81B57 /* mgwuPlaceholderIcon@2x.png */ = {isa = PBXFileReference; lastKnownFileType = image.png; path = "mgwuPlaceholderIcon@2x.png"; sourceTree = "<group>"; };
		624B45691940E90400A81B57 /* mgwuPlaceholderIconDark.png */ = {isa = PBXFileReference; lastKnownFileType = image.png; path = mgwuPlaceholderIconDark.png; sourceTree = "<group>"; };
		624B456A1940E90400A81B57 /* mgwuPlaceholderIconDark@2x.png */ = {isa = PBXFileReference; lastKnownFileType = image.png; path = "mgwuPlaceholderIconDark@2x.png"; sourceTree = "<group>"; };
		624B456B1940E90400A81B57 /* operator.available.png */ = {isa = PBXFileReference; lastKnownFileType = image.png; path = operator.available.png; sourceTree = "<group>"; };
		624B456C1940E90400A81B57 /* operator.connecting.png */ = {isa = PBXFileReference; lastKnownFileType = image.png; path = operator.connecting.png; sourceTree = "<group>"; };
		624B456D1940E90400A81B57 /* operator.unavailable.png */ = {isa = PBXFileReference; lastKnownFileType = image.png; path = operator.unavailable.png; sourceTree = "<group>"; };
		624B456E1940E90400A81B57 /* send-button-active.png */ = {isa = PBXFileReference; lastKnownFileType = image.png; path = "send-button-active.png"; sourceTree = "<group>"; };
		624B456F1940E90400A81B57 /* send-button-inactive.png */ = {isa = PBXFileReference; lastKnownFileType = image.png; path = "send-button-inactive.png"; sourceTree = "<group>"; };
		624B45701940E90400A81B57 /* send-button-instate.png */ = {isa = PBXFileReference; lastKnownFileType = image.png; path = "send-button-instate.png"; sourceTree = "<group>"; };
		624B45711940E90400A81B57 /* send-field-landscape.png */ = {isa = PBXFileReference; lastKnownFileType = image.png; path = "send-field-landscape.png"; sourceTree = "<group>"; };
		624B45721940E90400A81B57 /* TapjoyResources.bundle */ = {isa = PBXFileReference; lastKnownFileType = "wrapper.plug-in"; path = TapjoyResources.bundle; sourceTree = "<group>"; };
		624B45BB1940EACA00A81B57 /* MediaPlayer.framework */ = {isa = PBXFileReference; lastKnownFileType = wrapper.framework; name = MediaPlayer.framework; path = System/Library/Frameworks/MediaPlayer.framework; sourceTree = SDKROOT; };
		624B45BD1940EAE800A81B57 /* CoreLocation.framework */ = {isa = PBXFileReference; lastKnownFileType = wrapper.framework; name = CoreLocation.framework; path = System/Library/Frameworks/CoreLocation.framework; sourceTree = SDKROOT; };
		624B45BF1940EB3F00A81B57 /* CoreMotion.framework */ = {isa = PBXFileReference; lastKnownFileType = wrapper.framework; name = CoreMotion.framework; path = System/Library/Frameworks/CoreMotion.framework; sourceTree = SDKROOT; };
		624B45C11940EB5E00A81B57 /* EventKit.framework */ = {isa = PBXFileReference; lastKnownFileType = wrapper.framework; name = EventKit.framework; path = System/Library/Frameworks/EventKit.framework; sourceTree = SDKROOT; };
		625B9E97194FA67500DB3A3E /* GLKit.framework */ = {isa = PBXFileReference; lastKnownFileType = wrapper.framework; name = GLKit.framework; path = System/Library/Frameworks/GLKit.framework; sourceTree = SDKROOT; };
		625B9E9A1950C6F600DB3A3E /* UserInfo.h */ = {isa = PBXFileReference; fileEncoding = 4; lastKnownFileType = sourcecode.c.h; name = UserInfo.h; path = Source/UserInfo.h; sourceTree = "<group>"; };
		625B9E9B1950C6F600DB3A3E /* UserInfo.m */ = {isa = PBXFileReference; fileEncoding = 4; lastKnownFileType = sourcecode.c.objc; name = UserInfo.m; path = Source/UserInfo.m; sourceTree = "<group>"; };
		625C13711952730C00FAD9FD /* FriendListScene.h */ = {isa = PBXFileReference; fileEncoding = 4; lastKnownFileType = sourcecode.c.h; name = FriendListScene.h; path = Source/FriendListScene.h; sourceTree = "<group>"; };
		625C13721952730D00FAD9FD /* FriendListScene.m */ = {isa = PBXFileReference; fileEncoding = 4; lastKnownFileType = sourcecode.c.objc; name = FriendListScene.m; path = Source/FriendListScene.m; sourceTree = "<group>"; };
		62C4F43419427DD80047553C /* PreMatchScene.h */ = {isa = PBXFileReference; fileEncoding = 4; lastKnownFileType = sourcecode.c.h; name = PreMatchScene.h; path = Source/PreMatchScene.h; sourceTree = "<group>"; };
		62C4F43519427DD80047553C /* PreMatchScene.m */ = {isa = PBXFileReference; fileEncoding = 4; lastKnownFileType = sourcecode.c.objc; name = PreMatchScene.m; path = Source/PreMatchScene.m; sourceTree = "<group>"; };
		62C4F43819427F9E0047553C /* GameplayScene.h */ = {isa = PBXFileReference; fileEncoding = 4; lastKnownFileType = sourcecode.c.h; name = GameplayScene.h; path = Source/GameplayScene.h; sourceTree = "<group>"; };
		62C4F43919427F9E0047553C /* GameplayScene.m */ = {isa = PBXFileReference; fileEncoding = 4; lastKnownFileType = sourcecode.c.objc; name = GameplayScene.m; path = Source/GameplayScene.m; sourceTree = "<group>"; };
		B71F5907188484E7003F4D28 /* iPad-old.png */ = {isa = PBXFileReference; lastKnownFileType = image.png; name = "iPad-old.png"; path = "Icons/iPad-old.png"; sourceTree = "<group>"; };
		B71F5908188484E7003F4D28 /* iPad-old@2x.png */ = {isa = PBXFileReference; lastKnownFileType = image.png; name = "iPad-old@2x.png"; path = "Icons/iPad-old@2x.png"; sourceTree = "<group>"; };
		B71F5909188484E7003F4D28 /* iPad.png */ = {isa = PBXFileReference; lastKnownFileType = image.png; name = iPad.png; path = Icons/iPad.png; sourceTree = "<group>"; };
		B71F590A188484E7003F4D28 /* iPad@2x.png */ = {isa = PBXFileReference; lastKnownFileType = image.png; name = "iPad@2x.png"; path = "Icons/iPad@2x.png"; sourceTree = "<group>"; };
		B71F590B188484E7003F4D28 /* iPhone-old.png */ = {isa = PBXFileReference; lastKnownFileType = image.png; name = "iPhone-old.png"; path = "Icons/iPhone-old.png"; sourceTree = "<group>"; };
		B71F590C188484E7003F4D28 /* iPhone-old@2x.png */ = {isa = PBXFileReference; lastKnownFileType = image.png; name = "iPhone-old@2x.png"; path = "Icons/iPhone-old@2x.png"; sourceTree = "<group>"; };
		B71F590D188484E7003F4D28 /* iPhone.png */ = {isa = PBXFileReference; lastKnownFileType = image.png; name = iPhone.png; path = Icons/iPhone.png; sourceTree = "<group>"; };
		B71F590E188484E7003F4D28 /* iPhone@2x.png */ = {isa = PBXFileReference; lastKnownFileType = image.png; name = "iPhone@2x.png"; path = "Icons/iPhone@2x.png"; sourceTree = "<group>"; };
		B71F590F188484E7003F4D28 /* Settings.png */ = {isa = PBXFileReference; lastKnownFileType = image.png; name = Settings.png; path = Icons/Settings.png; sourceTree = "<group>"; };
		B71F5910188484E7003F4D28 /* Settings@2x.png */ = {isa = PBXFileReference; lastKnownFileType = image.png; name = "Settings@2x.png"; path = "Icons/Settings@2x.png"; sourceTree = "<group>"; };
		B737893A180761570076A88C /* Published-iOS */ = {isa = PBXFileReference; lastKnownFileType = folder; name = "Published-iOS"; path = "Source/Resources/Published-iOS"; sourceTree = SOURCE_ROOT; };
		B737893D1807617C0076A88C /* AppDelegate.h */ = {isa = PBXFileReference; fileEncoding = 4; lastKnownFileType = sourcecode.c.h; name = AppDelegate.h; path = Source/AppDelegate.h; sourceTree = "<group>"; };
		B737893E1807617C0076A88C /* AppDelegate.m */ = {isa = PBXFileReference; fileEncoding = 4; lastKnownFileType = sourcecode.c.objc; name = AppDelegate.m; path = Source/AppDelegate.m; sourceTree = "<group>"; };
		B7378940180761A80076A88C /* cocos2d-ios.xcodeproj */ = {isa = PBXFileReference; lastKnownFileType = "wrapper.pb-project"; name = "cocos2d-ios.xcodeproj"; path = "Source/libs/cocos2d-iphone/cocos2d-ios.xcodeproj"; sourceTree = SOURCE_ROOT; };
		B737896B180762440076A88C /* Default-568h@2x.png */ = {isa = PBXFileReference; lastKnownFileType = image.png; name = "Default-568h@2x.png"; path = "Source/Resources/Default-568h@2x.png"; sourceTree = SOURCE_ROOT; };
		B737896C180762440076A88C /* Default-Landscape~ipad.png */ = {isa = PBXFileReference; lastKnownFileType = image.png; name = "Default-Landscape~ipad.png"; path = "Source/Resources/Default-Landscape~ipad.png"; sourceTree = SOURCE_ROOT; };
		B737896D180762440076A88C /* Default.png */ = {isa = PBXFileReference; lastKnownFileType = image.png; name = Default.png; path = Source/Resources/Default.png; sourceTree = SOURCE_ROOT; };
		B737896E180762440076A88C /* Default@2x.png */ = {isa = PBXFileReference; lastKnownFileType = image.png; name = "Default@2x.png"; path = "Source/Resources/Default@2x.png"; sourceTree = SOURCE_ROOT; };
		B73789851807631A0076A88C /* main.m */ = {isa = PBXFileReference; fileEncoding = 4; lastKnownFileType = sourcecode.c.objc; name = main.m; path = Source/main.m; sourceTree = SOURCE_ROOT; };
		B73789861807631A0076A88C /* Prefix.pch */ = {isa = PBXFileReference; fileEncoding = 4; lastKnownFileType = sourcecode.c.h; name = Prefix.pch; path = Source/Prefix.pch; sourceTree = SOURCE_ROOT; };
		B7378992180767190076A88C /* MainScene.h */ = {isa = PBXFileReference; fileEncoding = 4; lastKnownFileType = sourcecode.c.h; name = MainScene.h; path = Source/MainScene.h; sourceTree = "<group>"; };
		B7378993180767190076A88C /* MainScene.m */ = {isa = PBXFileReference; fileEncoding = 4; lastKnownFileType = sourcecode.c.objc; name = MainScene.m; path = Source/MainScene.m; sourceTree = "<group>"; };
		B77F1B2E17B978D7009739AE /* SBMutliplayerTemplate.app */ = {isa = PBXFileReference; explicitFileType = wrapper.application; includeInIndex = 0; path = SBMutliplayerTemplate.app; sourceTree = BUILT_PRODUCTS_DIR; };
		B77F1B3117B978D7009739AE /* QuartzCore.framework */ = {isa = PBXFileReference; lastKnownFileType = wrapper.framework; name = QuartzCore.framework; path = System/Library/Frameworks/QuartzCore.framework; sourceTree = SDKROOT; };
		B77F1B3317B978D7009739AE /* OpenGLES.framework */ = {isa = PBXFileReference; lastKnownFileType = wrapper.framework; name = OpenGLES.framework; path = System/Library/Frameworks/OpenGLES.framework; sourceTree = SDKROOT; };
		B77F1B3517B978D7009739AE /* OpenAL.framework */ = {isa = PBXFileReference; lastKnownFileType = wrapper.framework; name = OpenAL.framework; path = System/Library/Frameworks/OpenAL.framework; sourceTree = SDKROOT; };
		B77F1B3717B978D7009739AE /* AudioToolbox.framework */ = {isa = PBXFileReference; lastKnownFileType = wrapper.framework; name = AudioToolbox.framework; path = System/Library/Frameworks/AudioToolbox.framework; sourceTree = SDKROOT; };
		B77F1B3917B978D7009739AE /* AVFoundation.framework */ = {isa = PBXFileReference; lastKnownFileType = wrapper.framework; name = AVFoundation.framework; path = System/Library/Frameworks/AVFoundation.framework; sourceTree = SDKROOT; };
		B77F1B3B17B978D7009739AE /* UIKit.framework */ = {isa = PBXFileReference; lastKnownFileType = wrapper.framework; name = UIKit.framework; path = System/Library/Frameworks/UIKit.framework; sourceTree = SDKROOT; };
		B77F1B3D17B978D7009739AE /* Foundation.framework */ = {isa = PBXFileReference; lastKnownFileType = wrapper.framework; name = Foundation.framework; path = System/Library/Frameworks/Foundation.framework; sourceTree = SDKROOT; };
		B77F1B3F17B978D7009739AE /* CoreGraphics.framework */ = {isa = PBXFileReference; lastKnownFileType = wrapper.framework; name = CoreGraphics.framework; path = System/Library/Frameworks/CoreGraphics.framework; sourceTree = SDKROOT; };
		B77F1B4117B978D7009739AE /* CoreText.framework */ = {isa = PBXFileReference; lastKnownFileType = wrapper.framework; name = CoreText.framework; path = System/Library/Frameworks/CoreText.framework; sourceTree = SDKROOT; };
		B7B3713D180358F1007369CC /* libObjectiveChipmunk.a */ = {isa = PBXFileReference; lastKnownFileType = archive.ar; name = libObjectiveChipmunk.a; path = "../libs/cocos2d-iphone/external/Chipmunk/xcode/build/Debug-iphoneos/libObjectiveChipmunk.a"; sourceTree = "<group>"; };
/* End PBXFileReference section */

/* Begin PBXFrameworksBuildPhase section */
		B77F1B2B17B978D7009739AE /* Frameworks */ = {
			isa = PBXFrameworksBuildPhase;
			buildActionMask = 2147483647;
			files = (
				625B9E98194FA67500DB3A3E /* GLKit.framework in Frameworks */,
				624B45C21940EB5E00A81B57 /* EventKit.framework in Frameworks */,
				624B45C01940EB3F00A81B57 /* CoreMotion.framework in Frameworks */,
				624B45BE1940EAE800A81B57 /* CoreLocation.framework in Frameworks */,
				624B45BC1940EACA00A81B57 /* MediaPlayer.framework in Frameworks */,
				62468B69192D756200E41128 /* Twitter.framework in Frameworks */,
				62468B67192D755600E41128 /* SystemConfiguration.framework in Frameworks */,
				62468B65192D754B00E41128 /* StoreKit.framework in Frameworks */,
				62468B63192D754100E41128 /* Social.framework in Frameworks */,
				62468B61192D753B00E41128 /* Security.framework in Frameworks */,
				62468B5F192D753000E41128 /* MessageUI.framework in Frameworks */,
				62468B5D192D74EA00E41128 /* libicucore.dylib in Frameworks */,
				62468B5B192D74E000E41128 /* CoreTelephony.framework in Frameworks */,
				62468B59192D74DA00E41128 /* CFNetwork.framework in Frameworks */,
				62468B57192D74CF00E41128 /* AdSupport.framework in Frameworks */,
				62468B55192D74C800E41128 /* Accounts.framework in Frameworks */,
				B737898A1807642B0076A88C /* libcocos2d.a in Frameworks */,
				624B45731940E90400A81B57 /* mgwuSDK.framework in Frameworks */,
				B77F1B3217B978D7009739AE /* QuartzCore.framework in Frameworks */,
				B77F1B3417B978D7009739AE /* OpenGLES.framework in Frameworks */,
				B77F1B3617B978D7009739AE /* OpenAL.framework in Frameworks */,
				B77F1B3817B978D7009739AE /* AudioToolbox.framework in Frameworks */,
				B77F1B3A17B978D7009739AE /* AVFoundation.framework in Frameworks */,
				B77F1B3C17B978D7009739AE /* UIKit.framework in Frameworks */,
				B77F1B3E17B978D7009739AE /* Foundation.framework in Frameworks */,
				B77F1B4017B978D7009739AE /* CoreGraphics.framework in Frameworks */,
				B77F1B4217B978D7009739AE /* CoreText.framework in Frameworks */,
			);
			runOnlyForDeploymentPostprocessing = 0;
		};
/* End PBXFrameworksBuildPhase section */

/* Begin PBXGroup section */
		624B45291940E90300A81B57 /* mgwuSDK.embeddedframework */ = {
			isa = PBXGroup;
			children = (
				624B452A1940E90300A81B57 /* mgwuSDK.framework */,
				624B452B1940E90300A81B57 /* Resources */,
			);
			path = mgwuSDK.embeddedframework;
			sourceTree = "<group>";
		};
		624B452B1940E90300A81B57 /* Resources */ = {
			isa = PBXGroup;
			children = (
				624B452C1940E90300A81B57 /* aqua.png */,
				624B452D1940E90300A81B57 /* bluechatbubble.png */,
				624B452E1940E90400A81B57 /* CrossPromoViewController.nib */,
				624B452F1940E90400A81B57 /* FacebookIcon.png */,
				624B45301940E90400A81B57 /* FacebookSDKResources.bundle */,
				624B45311940E90400A81B57 /* fb_connect.png */,
				624B45321940E90400A81B57 /* FBLoginButton.png */,
				624B45331940E90400A81B57 /* FBLoginButton@2x.png */,
				624B45341940E90400A81B57 /* FBLoginButtonPressed.png */,
				624B45351940E90400A81B57 /* FBLoginButtonPressed@2x.png */,
				624B45361940E90400A81B57 /* FBNoThanksButton.png */,
				624B45371940E90400A81B57 /* FBNoThanksButton@2x.png */,
				624B45381940E90400A81B57 /* FBNoThanksButtonPressed.png */,
				624B45391940E90400A81B57 /* FBNoThanksButtonPressed@2x.png */,
				624B453A1940E90400A81B57 /* green.png */,
				624B453B1940E90400A81B57 /* grey-background.png */,
				624B453C1940E90400A81B57 /* hipmob.back.btn.png */,
				624B453D1940E90400A81B57 /* hipmob.send.png */,
				624B453E1940E90400A81B57 /* hipmobsend_field.png */,
				624B453F1940E90400A81B57 /* hipmobsend_field@2x.png */,
				624B45401940E90400A81B57 /* mgwu-gk-notification.png */,
				624B45411940E90400A81B57 /* mgwu-gk-notification@2x.png */,
				624B45421940E90400A81B57 /* mgwu-m.png */,
				624B45431940E90400A81B57 /* mgwu-m@2x.png */,
				624B45441940E90400A81B57 /* MGWUAboutFooter-Landscape-568h@2x~iphone.png */,
				624B45451940E90400A81B57 /* MGWUAboutFooter-Landscape@2x~ipad.png */,
				624B45461940E90400A81B57 /* MGWUAboutFooter-Landscape@2x~iphone.png */,
				624B45471940E90400A81B57 /* MGWUAboutFooter-Landscape~ipad.png */,
				624B45481940E90400A81B57 /* MGWUAboutFooter-Landscape~iphone.png */,
				624B45491940E90400A81B57 /* MGWUAboutFooter-Portrait@2x~ipad.png */,
				624B454A1940E90400A81B57 /* MGWUAboutFooter-Portrait@2x~iphone.png */,
				624B454B1940E90400A81B57 /* MGWUAboutFooter-Portrait~ipad.png */,
				624B454C1940E90400A81B57 /* MGWUAboutFooter-Portrait~iphone.png */,
				624B454D1940E90400A81B57 /* MGWUBackground-Landscape@2x~ipad.png */,
				624B454E1940E90400A81B57 /* MGWUBackground-Landscape@2x~iphone.png */,
				624B454F1940E90400A81B57 /* MGWUBackground-Landscape~ipad.png */,
				624B45501940E90400A81B57 /* MGWUBackground-Landscape~iphone.png */,
				624B45511940E90400A81B57 /* MGWUBackground-Portrait@2x~ipad.png */,
				624B45521940E90400A81B57 /* MGWUBackground-Portrait@2x~iphone.png */,
				624B45531940E90400A81B57 /* MGWUBackground-Portrait~ipad.png */,
				624B45541940E90400A81B57 /* MGWUBackground-Portrait~iphone.png */,
				624B45551940E90400A81B57 /* MGWUBackgroundDark-Landscape@2x~ipad.png */,
				624B45561940E90400A81B57 /* MGWUBackgroundDark-Landscape@2x~iphone.png */,
				624B45571940E90400A81B57 /* MGWUBackgroundDark-Landscape~ipad.png */,
				624B45581940E90400A81B57 /* MGWUBackgroundDark-Landscape~iphone.png */,
				624B45591940E90400A81B57 /* MGWUBackgroundDark-Portrait@2x~ipad.png */,
				624B455A1940E90400A81B57 /* MGWUBackgroundDark-Portrait@2x~iphone.png */,
				624B455B1940E90400A81B57 /* MGWUBackgroundDark-Portrait~ipad.png */,
				624B455C1940E90400A81B57 /* MGWUBackgroundDark-Portrait~iphone.png */,
				624B455D1940E90400A81B57 /* MGWUClose.png */,
				624B455E1940E90400A81B57 /* MGWUClose@2x.png */,
				624B455F1940E90400A81B57 /* MGWUFacebookLoginLandscape.nib */,
				624B45601940E90400A81B57 /* MGWUFacebookLoginLandscapeDark.nib */,
				624B45611940E90400A81B57 /* MGWUFacebookLoginPortrait.nib */,
				624B45621940E90400A81B57 /* MGWUFacebookLoginPortraitDark.nib */,
				624B45631940E90400A81B57 /* mgwuLogo.png */,
				624B45641940E90400A81B57 /* mgwuLogo@2x.png */,
				624B45651940E90400A81B57 /* mgwuLogoDark.png */,
				624B45661940E90400A81B57 /* mgwuLogoDark@2x.png */,
				624B45671940E90400A81B57 /* mgwuPlaceholderIcon.png */,
				624B45681940E90400A81B57 /* mgwuPlaceholderIcon@2x.png */,
				624B45691940E90400A81B57 /* mgwuPlaceholderIconDark.png */,
				624B456A1940E90400A81B57 /* mgwuPlaceholderIconDark@2x.png */,
				624B456B1940E90400A81B57 /* operator.available.png */,
				624B456C1940E90400A81B57 /* operator.connecting.png */,
				624B456D1940E90400A81B57 /* operator.unavailable.png */,
				624B456E1940E90400A81B57 /* send-button-active.png */,
				624B456F1940E90400A81B57 /* send-button-inactive.png */,
				624B45701940E90400A81B57 /* send-button-instate.png */,
				624B45711940E90400A81B57 /* send-field-landscape.png */,
				624B45721940E90400A81B57 /* TapjoyResources.bundle */,
			);
			path = Resources;
			sourceTree = "<group>";
		};
		9222E2B918734FF800A246C7 /* libs */ = {
			isa = PBXGroup;
			children = (
				B7378940180761A80076A88C /* cocos2d-ios.xcodeproj */,
			);
			name = libs;
			sourceTree = "<group>";
		};
		B737893C1807616C0076A88C /* Source */ = {
			isa = PBXGroup;
			children = (
				B737893D1807617C0076A88C /* AppDelegate.h */,
				B737893E1807617C0076A88C /* AppDelegate.m */,
				624331AB1951293800EAB009 /* SectionCell.h */,
				624331AC1951293800EAB009 /* SectionCell.m */,
				62468AC1192D6EEE00E41128 /* PlayerCell.h */,
				62468AC2192D6EEE00E41128 /* PlayerCell.m */,
				B7378992180767190076A88C /* MainScene.h */,
				B7378993180767190076A88C /* MainScene.m */,
				62C4F43419427DD80047553C /* PreMatchScene.h */,
				62C4F43519427DD80047553C /* PreMatchScene.m */,
				62C4F43819427F9E0047553C /* GameplayScene.h */,
				62C4F43919427F9E0047553C /* GameplayScene.m */,
				625B9E9A1950C6F600DB3A3E /* UserInfo.h */,
				625B9E9B1950C6F600DB3A3E /* UserInfo.m */,
				624331AA1951067A00EAB009 /* GameDataUtils.h */,
				625C13711952730C00FAD9FD /* FriendListScene.h */,
				625C13721952730D00FAD9FD /* FriendListScene.m */,
			);
			name = Source;
			sourceTree = "<group>";
		};
		B7378941180761A80076A88C /* Products */ = {
			isa = PBXGroup;
			children = (
				B737894B180761A90076A88C /* libcocos2d.a */,
			);
			name = Products;
			sourceTree = "<group>";
		};
		B73789911807667A0076A88C /* Icons */ = {
			isa = PBXGroup;
			children = (
				B71F5907188484E7003F4D28 /* iPad-old.png */,
				B71F5908188484E7003F4D28 /* iPad-old@2x.png */,
				B71F5909188484E7003F4D28 /* iPad.png */,
				B71F590A188484E7003F4D28 /* iPad@2x.png */,
				B71F590B188484E7003F4D28 /* iPhone-old.png */,
				B71F590C188484E7003F4D28 /* iPhone-old@2x.png */,
				B71F590D188484E7003F4D28 /* iPhone.png */,
				B71F590E188484E7003F4D28 /* iPhone@2x.png */,
				B71F590F188484E7003F4D28 /* Settings.png */,
				B71F5910188484E7003F4D28 /* Settings@2x.png */,
				B737896B180762440076A88C /* Default-568h@2x.png */,
				B737896C180762440076A88C /* Default-Landscape~ipad.png */,
				B737896D180762440076A88C /* Default.png */,
				B737896E180762440076A88C /* Default@2x.png */,
			);
			name = Icons;
			sourceTree = "<group>";
		};
		B77F1B2517B978D7009739AE = {
			isa = PBXGroup;
			children = (
				B737893C1807616C0076A88C /* Source */,
				B77F1B4617B978D7009739AE /* Resources */,
				9222E2B918734FF800A246C7 /* libs */,
				B77F1CCF17B978D8009739AE /* Supporting Files */,
				B77F1B3017B978D7009739AE /* Frameworks */,
				B77F1B2F17B978D7009739AE /* Products */,
			);
			sourceTree = "<group>";
		};
		B77F1B2F17B978D7009739AE /* Products */ = {
			isa = PBXGroup;
			children = (
				B77F1B2E17B978D7009739AE /* SBMutliplayerTemplate.app */,
			);
			name = Products;
			sourceTree = "<group>";
		};
		B77F1B3017B978D7009739AE /* Frameworks */ = {
			isa = PBXGroup;
			children = (
				625B9E97194FA67500DB3A3E /* GLKit.framework */,
				624B45C11940EB5E00A81B57 /* EventKit.framework */,
				624B45BF1940EB3F00A81B57 /* CoreMotion.framework */,
				624B45BD1940EAE800A81B57 /* CoreLocation.framework */,
				624B45BB1940EACA00A81B57 /* MediaPlayer.framework */,
				624B45291940E90300A81B57 /* mgwuSDK.embeddedframework */,
				62468B68192D756200E41128 /* Twitter.framework */,
				62468B66192D755600E41128 /* SystemConfiguration.framework */,
				62468B64192D754B00E41128 /* StoreKit.framework */,
				62468B62192D754100E41128 /* Social.framework */,
				62468B60192D753B00E41128 /* Security.framework */,
				62468B5E192D753000E41128 /* MessageUI.framework */,
				62468B5C192D74EA00E41128 /* libicucore.dylib */,
				62468B5A192D74E000E41128 /* CoreTelephony.framework */,
				62468B58192D74DA00E41128 /* CFNetwork.framework */,
				62468B56192D74CF00E41128 /* AdSupport.framework */,
				62468B54192D74C800E41128 /* Accounts.framework */,
				B7B3713D180358F1007369CC /* libObjectiveChipmunk.a */,
				B77F1B3117B978D7009739AE /* QuartzCore.framework */,
				B77F1B3317B978D7009739AE /* OpenGLES.framework */,
				B77F1B3517B978D7009739AE /* OpenAL.framework */,
				B77F1B3717B978D7009739AE /* AudioToolbox.framework */,
				B77F1B3917B978D7009739AE /* AVFoundation.framework */,
				B77F1B3B17B978D7009739AE /* UIKit.framework */,
				B77F1B3D17B978D7009739AE /* Foundation.framework */,
				B77F1B3F17B978D7009739AE /* CoreGraphics.framework */,
				B77F1B4117B978D7009739AE /* CoreText.framework */,
			);
			name = Frameworks;
			sourceTree = "<group>";
		};
		B77F1B4617B978D7009739AE /* Resources */ = {
			isa = PBXGroup;
			children = (
				62468B6A192E53B500E41128 /* Info.plist */,
				62468A23192D3FE000E41128 /* ghosty.otf */,
				B73789911807667A0076A88C /* Icons */,
				B737893A180761570076A88C /* Published-iOS */,
			);
			name = Resources;
			path = Source/Resources;
			sourceTree = "<group>";
		};
		B77F1CCF17B978D8009739AE /* Supporting Files */ = {
			isa = PBXGroup;
			children = (
				B73789851807631A0076A88C /* main.m */,
				B73789861807631A0076A88C /* Prefix.pch */,
			);
			name = "Supporting Files";
			sourceTree = "<group>";
		};
/* End PBXGroup section */

/* Begin PBXNativeTarget section */
		B77F1B2D17B978D7009739AE /* MultiplayerTurnBasedGame */ = {
			isa = PBXNativeTarget;
			buildConfigurationList = B77F1CDE17B978D8009739AE /* Build configuration list for PBXNativeTarget "MultiplayerTurnBasedGame" */;
			buildPhases = (
				B77F1B2A17B978D7009739AE /* Sources */,
				B77F1B2B17B978D7009739AE /* Frameworks */,
				B77F1B2C17B978D7009739AE /* Resources */,
			);
			buildRules = (
			);
			dependencies = (
				B7378989180764180076A88C /* PBXTargetDependency */,
			);
			name = MultiplayerTurnBasedGame;
			productName = Example;
			productReference = B77F1B2E17B978D7009739AE /* SBMutliplayerTemplate.app */;
			productType = "com.apple.product-type.application";
		};
/* End PBXNativeTarget section */

/* Begin PBXProject section */
		B77F1B2617B978D7009739AE /* Project object */ = {
			isa = PBXProject;
			attributes = {
				LastUpgradeCheck = 0510;
				ORGANIZATIONNAME = Apportable;
				TargetAttributes = {
					B77F1B2D17B978D7009739AE = {
						DevelopmentTeam = UBXY3JK49V;
						SystemCapabilities = {
							com.apple.GameCenter = {
								enabled = 0;
							};
						};
					};
				};
			};
			buildConfigurationList = B77F1B2917B978D7009739AE /* Build configuration list for PBXProject "MultiplayerTurnBasedGame" */;
			compatibilityVersion = "Xcode 3.2";
			developmentRegion = English;
			hasScannedForEncodings = 0;
			knownRegions = (
				en,
			);
			mainGroup = B77F1B2517B978D7009739AE;
			productRefGroup = B77F1B2F17B978D7009739AE /* Products */;
			projectDirPath = "";
			projectReferences = (
				{
					ProductGroup = B7378941180761A80076A88C /* Products */;
					ProjectRef = B7378940180761A80076A88C /* cocos2d-ios.xcodeproj */;
				},
			);
			projectRoot = "";
			targets = (
				B77F1B2D17B978D7009739AE /* MultiplayerTurnBasedGame */,
			);
		};
/* End PBXProject section */

/* Begin PBXReferenceProxy section */
		B737894B180761A90076A88C /* libcocos2d.a */ = {
			isa = PBXReferenceProxy;
			fileType = archive.ar;
			path = libcocos2d.a;
			remoteRef = B737894A180761A90076A88C /* PBXContainerItemProxy */;
			sourceTree = BUILT_PRODUCTS_DIR;
		};
/* End PBXReferenceProxy section */

/* Begin PBXResourcesBuildPhase section */
		B77F1B2C17B978D7009739AE /* Resources */ = {
			isa = PBXResourcesBuildPhase;
			buildActionMask = 2147483647;
			files = (
				624B466619412FBC00A81B57 /* aqua.png in Resources */,
				624B466719412FBC00A81B57 /* bluechatbubble.png in Resources */,
				624B466819412FBC00A81B57 /* CrossPromoViewController.nib in Resources */,
				624B466919412FBC00A81B57 /* FacebookIcon.png in Resources */,
				624B466A19412FBC00A81B57 /* FacebookSDKResources.bundle in Resources */,
				624B466B19412FBC00A81B57 /* fb_connect.png in Resources */,
				624B466C19412FBC00A81B57 /* FBLoginButton.png in Resources */,
				624B466D19412FBC00A81B57 /* FBLoginButton@2x.png in Resources */,
				624B466E19412FBC00A81B57 /* FBLoginButtonPressed.png in Resources */,
				624B466F19412FBC00A81B57 /* FBLoginButtonPressed@2x.png in Resources */,
				624B467019412FBC00A81B57 /* FBNoThanksButton.png in Resources */,
				624B467119412FBC00A81B57 /* FBNoThanksButton@2x.png in Resources */,
				624B467219412FBC00A81B57 /* FBNoThanksButtonPressed.png in Resources */,
				624B467319412FBC00A81B57 /* FBNoThanksButtonPressed@2x.png in Resources */,
				624B467419412FBC00A81B57 /* green.png in Resources */,
				624B467519412FBC00A81B57 /* grey-background.png in Resources */,
				624B467619412FBC00A81B57 /* hipmob.send.png in Resources */,
				624B467719412FBC00A81B57 /* hipmobsend_field.png in Resources */,
				624B467819412FBC00A81B57 /* hipmobsend_field@2x.png in Resources */,
				624B467919412FBC00A81B57 /* mgwu-gk-notification.png in Resources */,
				624B467A19412FBC00A81B57 /* mgwu-gk-notification@2x.png in Resources */,
				624B467B19412FBC00A81B57 /* mgwu-m.png in Resources */,
				624B467C19412FBC00A81B57 /* mgwu-m@2x.png in Resources */,
				624B467D19412FBC00A81B57 /* MGWUAboutFooter-Landscape-568h@2x~iphone.png in Resources */,
				624B467E19412FBC00A81B57 /* MGWUAboutFooter-Landscape@2x~ipad.png in Resources */,
				624B467F19412FBC00A81B57 /* MGWUAboutFooter-Landscape@2x~iphone.png in Resources */,
				624B468019412FBC00A81B57 /* MGWUAboutFooter-Landscape~ipad.png in Resources */,
				624B468119412FBC00A81B57 /* MGWUAboutFooter-Landscape~iphone.png in Resources */,
				624B468219412FBC00A81B57 /* MGWUAboutFooter-Portrait@2x~ipad.png in Resources */,
				624B468319412FBC00A81B57 /* MGWUAboutFooter-Portrait@2x~iphone.png in Resources */,
				624B468419412FBC00A81B57 /* MGWUAboutFooter-Portrait~ipad.png in Resources */,
				624B468519412FBC00A81B57 /* MGWUAboutFooter-Portrait~iphone.png in Resources */,
				624B468619412FBC00A81B57 /* MGWUBackground-Landscape@2x~ipad.png in Resources */,
				624B468719412FBC00A81B57 /* MGWUBackground-Landscape@2x~iphone.png in Resources */,
				624B468819412FBC00A81B57 /* MGWUBackground-Landscape~ipad.png in Resources */,
				624B468919412FBC00A81B57 /* MGWUBackground-Landscape~iphone.png in Resources */,
				624B468A19412FBC00A81B57 /* MGWUBackground-Portrait@2x~ipad.png in Resources */,
				624B468B19412FBC00A81B57 /* MGWUBackground-Portrait@2x~iphone.png in Resources */,
				624B468C19412FBC00A81B57 /* MGWUBackground-Portrait~ipad.png in Resources */,
				624B468D19412FBC00A81B57 /* MGWUBackground-Portrait~iphone.png in Resources */,
				624B468E19412FBC00A81B57 /* MGWUBackgroundDark-Landscape@2x~ipad.png in Resources */,
				624B468F19412FBC00A81B57 /* MGWUBackgroundDark-Landscape@2x~iphone.png in Resources */,
				624B469019412FBC00A81B57 /* MGWUBackgroundDark-Landscape~ipad.png in Resources */,
				624B469119412FBC00A81B57 /* MGWUBackgroundDark-Landscape~iphone.png in Resources */,
				624B469219412FBC00A81B57 /* MGWUBackgroundDark-Portrait@2x~ipad.png in Resources */,
				624B469319412FBC00A81B57 /* MGWUBackgroundDark-Portrait@2x~iphone.png in Resources */,
				624B469419412FBC00A81B57 /* MGWUBackgroundDark-Portrait~ipad.png in Resources */,
				624B469519412FBC00A81B57 /* MGWUBackgroundDark-Portrait~iphone.png in Resources */,
				624B469619412FBC00A81B57 /* MGWUClose.png in Resources */,
				624B469719412FBC00A81B57 /* MGWUFacebookLoginLandscape.nib in Resources */,
				624B469819412FBC00A81B57 /* MGWUFacebookLoginLandscapeDark.nib in Resources */,
				624B469919412FBC00A81B57 /* MGWUFacebookLoginPortrait.nib in Resources */,
				624B469A19412FBC00A81B57 /* MGWUFacebookLoginPortraitDark.nib in Resources */,
				624B469B19412FBC00A81B57 /* mgwuLogo.png in Resources */,
				624B469C19412FBC00A81B57 /* mgwuLogo@2x.png in Resources */,
				624B469D19412FBC00A81B57 /* mgwuLogoDark.png in Resources */,
				624B469E19412FBC00A81B57 /* mgwuLogoDark@2x.png in Resources */,
				624B469F19412FBC00A81B57 /* mgwuPlaceholderIcon.png in Resources */,
				624B46A019412FBC00A81B57 /* mgwuPlaceholderIcon@2x.png in Resources */,
				624B46A119412FBC00A81B57 /* mgwuPlaceholderIconDark.png in Resources */,
				624B46A219412FBC00A81B57 /* mgwuPlaceholderIconDark@2x.png in Resources */,
				624B46A319412FBC00A81B57 /* operator.available.png in Resources */,
				624B46A419412FBC00A81B57 /* operator.connecting.png in Resources */,
				624B46A519412FBC00A81B57 /* send-button-active.png in Resources */,
				624B46A619412FBC00A81B57 /* send-button-inactive.png in Resources */,
				624B46A719412FBC00A81B57 /* send-button-instate.png in Resources */,
				624B46A819412FBC00A81B57 /* send-field-landscape.png in Resources */,
				B71F5919188484E7003F4D28 /* Settings.png in Resources */,
				B7378978180762440076A88C /* Default@2x.png in Resources */,
				B71F5914188484E7003F4D28 /* iPad@2x.png in Resources */,
				B71F5913188484E7003F4D28 /* iPad.png in Resources */,
				B71F5912188484E7003F4D28 /* iPad-old@2x.png in Resources */,
				B71F5916188484E7003F4D28 /* iPhone-old@2x.png in Resources */,
				B737893B180761570076A88C /* Published-iOS in Resources */,
				B71F591A188484E7003F4D28 /* Settings@2x.png in Resources */,
				B7378976180762440076A88C /* Default-Landscape~ipad.png in Resources */,
				624B45841940E90400A81B57 /* hipmob.back.btn.png in Resources */,
				B71F5915188484E7003F4D28 /* iPhone-old.png in Resources */,
				624B45A61940E90400A81B57 /* MGWUClose@2x.png in Resources */,
				B71F5917188484E7003F4D28 /* iPhone.png in Resources */,
				B7378975180762440076A88C /* Default-568h@2x.png in Resources */,
				B71F5918188484E7003F4D28 /* iPhone@2x.png in Resources */,
				624B45B51940E90400A81B57 /* operator.unavailable.png in Resources */,
				624B45BA1940E90400A81B57 /* TapjoyResources.bundle in Resources */,
				B7378977180762440076A88C /* Default.png in Resources */,
				B71F5911188484E7003F4D28 /* iPad-old.png in Resources */,
				62468A24192D3FE000E41128 /* ghosty.otf in Resources */,
			);
			runOnlyForDeploymentPostprocessing = 0;
		};
/* End PBXResourcesBuildPhase section */

/* Begin PBXSourcesBuildPhase section */
		B77F1B2A17B978D7009739AE /* Sources */ = {
			isa = PBXSourcesBuildPhase;
			buildActionMask = 2147483647;
			files = (
				625C13731952730D00FAD9FD /* FriendListScene.m in Sources */,
				62468AC3192D6EEE00E41128 /* PlayerCell.m in Sources */,
				62C4F43619427DD80047553C /* PreMatchScene.m in Sources */,
				62C4F43A19427F9E0047553C /* GameplayScene.m in Sources */,
				B737893F1807617C0076A88C /* AppDelegate.m in Sources */,
				B7378994180767190076A88C /* MainScene.m in Sources */,
				624331AD1951293800EAB009 /* SectionCell.m in Sources */,
				B73789871807631A0076A88C /* main.m in Sources */,
				625B9E9C1950C6F600DB3A3E /* UserInfo.m in Sources */,
			);
			runOnlyForDeploymentPostprocessing = 0;
		};
/* End PBXSourcesBuildPhase section */

/* Begin PBXTargetDependency section */
		B7378989180764180076A88C /* PBXTargetDependency */ = {
			isa = PBXTargetDependency;
			name = cocos2d;
			targetProxy = B7378988180764180076A88C /* PBXContainerItemProxy */;
		};
/* End PBXTargetDependency section */

/* Begin XCBuildConfiguration section */
		B77F1CDC17B978D8009739AE /* Debug */ = {
			isa = XCBuildConfiguration;
			buildSettings = {
				CLANG_WARN_BOOL_CONVERSION = YES;
				CLANG_WARN_CONSTANT_CONVERSION = YES;
				CLANG_WARN_EMPTY_BODY = YES;
				CLANG_WARN_ENUM_CONVERSION = YES;
				CLANG_WARN_INT_CONVERSION = YES;
				CLANG_WARN__DUPLICATE_METHOD_MATCH = YES;
				"CODE_SIGN_IDENTITY[sdk=iphoneos*]" = "iPhone Developer";
				GCC_C_LANGUAGE_STANDARD = gnu99;
				GCC_OPTIMIZATION_LEVEL = 0;
				GCC_PREPROCESSOR_DEFINITIONS = (
					DEBUG,
					"COCOS2D_DEBUG=1",
				);
				GCC_SYMBOLS_PRIVATE_EXTERN = NO;
				GCC_VERSION = com.apple.compilers.llvm.clang.1_0;
				GCC_WARN_64_TO_32_BIT_CONVERSION = YES;
				GCC_WARN_ABOUT_RETURN_TYPE = YES;
				GCC_WARN_UNDECLARED_SELECTOR = YES;
				GCC_WARN_UNINITIALIZED_AUTOS = YES;
				GCC_WARN_UNUSED_FUNCTION = YES;
				GCC_WARN_UNUSED_VARIABLE = YES;
				IPHONEOS_DEPLOYMENT_TARGET = 4.0;
				ONLY_ACTIVE_ARCH = YES;
				SDKROOT = iphoneos;
				TARGETED_DEVICE_FAMILY = "1,2";
			};
			name = Debug;
		};
		B77F1CDD17B978D8009739AE /* Release */ = {
			isa = XCBuildConfiguration;
			buildSettings = {
				CLANG_WARN_BOOL_CONVERSION = YES;
				CLANG_WARN_CONSTANT_CONVERSION = YES;
				CLANG_WARN_EMPTY_BODY = YES;
				CLANG_WARN_ENUM_CONVERSION = YES;
				CLANG_WARN_INT_CONVERSION = YES;
				CLANG_WARN__DUPLICATE_METHOD_MATCH = YES;
				"CODE_SIGN_IDENTITY[sdk=iphoneos*]" = "iPhone Developer";
				GCC_C_LANGUAGE_STANDARD = gnu99;
				GCC_PREPROCESSOR_DEFINITIONS = (
					NDEBUG,
					"NS_BLOCK_ASSERTIONS=1",
				);
				GCC_VERSION = com.apple.compilers.llvm.clang.1_0;
				GCC_WARN_64_TO_32_BIT_CONVERSION = YES;
				GCC_WARN_ABOUT_RETURN_TYPE = YES;
				GCC_WARN_UNDECLARED_SELECTOR = YES;
				GCC_WARN_UNINITIALIZED_AUTOS = YES;
				GCC_WARN_UNUSED_FUNCTION = YES;
				GCC_WARN_UNUSED_VARIABLE = YES;
				IPHONEOS_DEPLOYMENT_TARGET = 4.0;
				SDKROOT = iphoneos;
				TARGETED_DEVICE_FAMILY = "1,2";
			};
			name = Release;
		};
		B77F1CDF17B978D8009739AE /* Debug */ = {
			isa = XCBuildConfiguration;
			buildSettings = {
				ALWAYS_SEARCH_USER_PATHS = NO;
				ARCHS = "$(ARCHS_STANDARD_32_BIT)";
				CLANG_ENABLE_OBJC_ARC = YES;
				CODE_SIGN_IDENTITY = "iPhone Developer";
				"CODE_SIGN_IDENTITY[sdk=iphoneos*]" = "iPhone Developer";
				COPY_PHASE_STRIP = NO;
				DEBUG_INFORMATION_FORMAT = dwarf;
				FRAMEWORK_SEARCH_PATHS = (
					"$(inherited)",
					"$(PROJECT_DIR)/mgwuSDK.embeddedframework",
				);
				GCC_DYNAMIC_NO_PIC = NO;
				GCC_PRECOMPILE_PREFIX_HEADER = YES;
				GCC_PREFIX_HEADER = Source/Prefix.pch;
				HEADER_SEARCH_PATHS = (
					"\"Source/libs/cocos2d-iphone/external/kazmath/include\"/**",
					"\"Source/libs/cocos2d-iphone/cocos2d\"/**",
					"Source/libs/cocos2d-iphone/external/Chipmunk/objectivec/include",
					"Source/libs/cocos2d-iphone/external/Chipmunk/include",
					"\"Source/libs/cocos2d-iphone/cocos2d-ui\"/**",
					"\"Source/libs/cocos2d-iphone/external/ObjectAL\"/**",
				);
				INFOPLIST_FILE = Source/Resources/Info.plist;
				IPHONEOS_DEPLOYMENT_TARGET = 5.0;
				ONLY_ACTIVE_ARCH = YES;
				OTHER_LDFLAGS = (
					"-lz",
					"-lsqlite3",
					"-ObjC",
				);
				PRODUCT_NAME = SBMutliplayerTemplate;
				PROVISIONING_PROFILE = "";
				VALID_ARCHS = "arm7 armv7s i386 armv7";
				WRAPPER_EXTENSION = app;
			};
			name = Debug;
		};
		B77F1CE017B978D8009739AE /* Release */ = {
			isa = XCBuildConfiguration;
			buildSettings = {
				ALWAYS_SEARCH_USER_PATHS = NO;
				ARCHS = "$(ARCHS_STANDARD_32_BIT)";
				CLANG_ENABLE_OBJC_ARC = YES;
				CODE_SIGN_IDENTITY = "iPhone Developer";
				"CODE_SIGN_IDENTITY[sdk=iphoneos*]" = "iPhone Developer";
				COPY_PHASE_STRIP = YES;
				DEBUG_INFORMATION_FORMAT = dwarf;
				FRAMEWORK_SEARCH_PATHS = (
					"$(inherited)",
					"$(PROJECT_DIR)/mgwuSDK.embeddedframework",
				);
				GCC_PRECOMPILE_PREFIX_HEADER = YES;
				GCC_PREFIX_HEADER = Source/Prefix.pch;
				HEADER_SEARCH_PATHS = (
					"\"Source/libs/cocos2d-iphone/external/kazmath/include\"/**",
					"\"Source/libs/cocos2d-iphone/cocos2d\"/**",
					"Source/libs/cocos2d-iphone/external/Chipmunk/objectivec/include",
					"Source/libs/cocos2d-iphone/external/Chipmunk/include",
					"\"Source/libs/cocos2d-iphone/cocos2d-ui\"/**",
					"\"Source/libs/cocos2d-iphone/external/ObjectAL\"/**",
				);
				INFOPLIST_FILE = Source/Resources/Info.plist;
				IPHONEOS_DEPLOYMENT_TARGET = 5.0;
				OTHER_LDFLAGS = (
					"-lz",
					"-lsqlite3",
					"-ObjC",
				);
				PRODUCT_NAME = SBMutliplayerTemplate;
				PROVISIONING_PROFILE = "";
				VALIDATE_PRODUCT = YES;
				VALID_ARCHS = "arm7 armv7s i386 armv7";
				WRAPPER_EXTENSION = app;
			};
			name = Release;
		};
/* End XCBuildConfiguration section */

/* Begin XCConfigurationList section */
		B77F1B2917B978D7009739AE /* Build configuration list for PBXProject "MultiplayerTurnBasedGame" */ = {
			isa = XCConfigurationList;
			buildConfigurations = (
				B77F1CDC17B978D8009739AE /* Debug */,
				B77F1CDD17B978D8009739AE /* Release */,
			);
			defaultConfigurationIsVisible = 0;
			defaultConfigurationName = Release;
		};
		B77F1CDE17B978D8009739AE /* Build configuration list for PBXNativeTarget "MultiplayerTurnBasedGame" */ = {
			isa = XCConfigurationList;
			buildConfigurations = (
				B77F1CDF17B978D8009739AE /* Debug */,
				B77F1CE017B978D8009739AE /* Release */,
			);
			defaultConfigurationIsVisible = 0;
			defaultConfigurationName = Release;
		};
/* End XCConfigurationList section */
	};
	rootObject = B77F1B2617B978D7009739AE /* Project object */;
}
